// !$*UTF8*$!
{
	archiveVersion = 1;
	classes = {
	};
	objectVersion = 46;
	objects = {

/* Begin PBXBuildFile section */
		112703C4EBB866F87EBFE874 /* Pods_authtest.framework in Frameworks */ = {isa = PBXBuildFile; fileRef = 012201DAA660D7473A3B0F63 /* Pods_authtest.framework */; };
		11EF89C33083E33B6FF1606E /* Pods_authtestTests.framework in Frameworks */ = {isa = PBXBuildFile; fileRef = 2CBDED10EB742461765452A7 /* Pods_authtestTests.framework */; };
		2DBA63D3E167229194FC137B /* Pods_authtestUITests.framework in Frameworks */ = {isa = PBXBuildFile; fileRef = FE6BE65E37B4FA85A2BD0CCF /* Pods_authtestUITests.framework */; };
		6B017A7B1E14E0BC0090F0F6 /* AuthModalViewController.swift in Sources */ = {isa = PBXBuildFile; fileRef = 6B017A7A1E14E0BC0090F0F6 /* AuthModalViewController.swift */; };
		6B5218661E143A8300E23FF0 /* AppDelegate.swift in Sources */ = {isa = PBXBuildFile; fileRef = 6B5218651E143A8300E23FF0 /* AppDelegate.swift */; };
		6B5218681E143A8300E23FF0 /* ViewController.swift in Sources */ = {isa = PBXBuildFile; fileRef = 6B5218671E143A8300E23FF0 /* ViewController.swift */; };
		6B52186B1E143A8300E23FF0 /* Main.storyboard in Resources */ = {isa = PBXBuildFile; fileRef = 6B5218691E143A8300E23FF0 /* Main.storyboard */; };
		6B52186D1E143A8300E23FF0 /* Assets.xcassets in Resources */ = {isa = PBXBuildFile; fileRef = 6B52186C1E143A8300E23FF0 /* Assets.xcassets */; };
		6B5218701E143A8300E23FF0 /* LaunchScreen.storyboard in Resources */ = {isa = PBXBuildFile; fileRef = 6B52186E1E143A8300E23FF0 /* LaunchScreen.storyboard */; };
		6B52187B1E143A8400E23FF0 /* authtestTests.swift in Sources */ = {isa = PBXBuildFile; fileRef = 6B52187A1E143A8400E23FF0 /* authtestTests.swift */; };
		6B5218861E143A8400E23FF0 /* authtestUITests.swift in Sources */ = {isa = PBXBuildFile; fileRef = 6B5218851E143A8400E23FF0 /* authtestUITests.swift */; };
/* End PBXBuildFile section */

/* Begin PBXContainerItemProxy section */
		6B5218771E143A8400E23FF0 /* PBXContainerItemProxy */ = {
			isa = PBXContainerItemProxy;
			containerPortal = 6B52185A1E143A8300E23FF0 /* Project object */;
			proxyType = 1;
			remoteGlobalIDString = 6B5218611E143A8300E23FF0;
			remoteInfo = authtest;
		};
		6B5218821E143A8400E23FF0 /* PBXContainerItemProxy */ = {
			isa = PBXContainerItemProxy;
			containerPortal = 6B52185A1E143A8300E23FF0 /* Project object */;
			proxyType = 1;
			remoteGlobalIDString = 6B5218611E143A8300E23FF0;
			remoteInfo = authtest;
		};
/* End PBXContainerItemProxy section */

/* Begin PBXFileReference section */
		012201DAA660D7473A3B0F63 /* Pods_authtest.framework */ = {isa = PBXFileReference; explicitFileType = wrapper.framework; includeInIndex = 0; path = Pods_authtest.framework; sourceTree = BUILT_PRODUCTS_DIR; };
		2CBDED10EB742461765452A7 /* Pods_authtestTests.framework */ = {isa = PBXFileReference; explicitFileType = wrapper.framework; includeInIndex = 0; path = Pods_authtestTests.framework; sourceTree = BUILT_PRODUCTS_DIR; };
		2F2B0A6571B8E878202AE2DE /* Pods-authtestUITests.release.xcconfig */ = {isa = PBXFileReference; includeInIndex = 1; lastKnownFileType = text.xcconfig; name = "Pods-authtestUITests.release.xcconfig"; path = "Pods/Target Support Files/Pods-authtestUITests/Pods-authtestUITests.release.xcconfig"; sourceTree = "<group>"; };
		32217414D6A1A19FABE6973E /* Pods-authtestUITests.debug.xcconfig */ = {isa = PBXFileReference; includeInIndex = 1; lastKnownFileType = text.xcconfig; name = "Pods-authtestUITests.debug.xcconfig"; path = "Pods/Target Support Files/Pods-authtestUITests/Pods-authtestUITests.debug.xcconfig"; sourceTree = "<group>"; };
		553BF6D95800B0DD46322716 /* Pods-authtest.release.xcconfig */ = {isa = PBXFileReference; includeInIndex = 1; lastKnownFileType = text.xcconfig; name = "Pods-authtest.release.xcconfig"; path = "Pods/Target Support Files/Pods-authtest/Pods-authtest.release.xcconfig"; sourceTree = "<group>"; };
		56E59EF2A9997A06EE6727AF /* Pods-authtest.debug.xcconfig */ = {isa = PBXFileReference; includeInIndex = 1; lastKnownFileType = text.xcconfig; name = "Pods-authtest.debug.xcconfig"; path = "Pods/Target Support Files/Pods-authtest/Pods-authtest.debug.xcconfig"; sourceTree = "<group>"; };
		6B017A7A1E14E0BC0090F0F6 /* AuthModalViewController.swift */ = {isa = PBXFileReference; fileEncoding = 4; lastKnownFileType = sourcecode.swift; path = AuthModalViewController.swift; sourceTree = "<group>"; };
		6B5218621E143A8300E23FF0 /* authtest.app */ = {isa = PBXFileReference; explicitFileType = wrapper.application; includeInIndex = 0; path = authtest.app; sourceTree = BUILT_PRODUCTS_DIR; };
		6B5218651E143A8300E23FF0 /* AppDelegate.swift */ = {isa = PBXFileReference; lastKnownFileType = sourcecode.swift; path = AppDelegate.swift; sourceTree = "<group>"; };
		6B5218671E143A8300E23FF0 /* ViewController.swift */ = {isa = PBXFileReference; lastKnownFileType = sourcecode.swift; path = ViewController.swift; sourceTree = "<group>"; };
		6B52186A1E143A8300E23FF0 /* Base */ = {isa = PBXFileReference; lastKnownFileType = file.storyboard; name = Base; path = Base.lproj/Main.storyboard; sourceTree = "<group>"; };
		6B52186C1E143A8300E23FF0 /* Assets.xcassets */ = {isa = PBXFileReference; lastKnownFileType = folder.assetcatalog; path = Assets.xcassets; sourceTree = "<group>"; };
		6B52186F1E143A8300E23FF0 /* Base */ = {isa = PBXFileReference; lastKnownFileType = file.storyboard; name = Base; path = Base.lproj/LaunchScreen.storyboard; sourceTree = "<group>"; };
		6B5218711E143A8300E23FF0 /* Info.plist */ = {isa = PBXFileReference; lastKnownFileType = text.plist.xml; path = Info.plist; sourceTree = "<group>"; };
		6B5218761E143A8400E23FF0 /* authtestTests.xctest */ = {isa = PBXFileReference; explicitFileType = wrapper.cfbundle; includeInIndex = 0; path = authtestTests.xctest; sourceTree = BUILT_PRODUCTS_DIR; };
		6B52187A1E143A8400E23FF0 /* authtestTests.swift */ = {isa = PBXFileReference; lastKnownFileType = sourcecode.swift; path = authtestTests.swift; sourceTree = "<group>"; };
		6B52187C1E143A8400E23FF0 /* Info.plist */ = {isa = PBXFileReference; lastKnownFileType = text.plist.xml; path = Info.plist; sourceTree = "<group>"; };
		6B5218811E143A8400E23FF0 /* authtestUITests.xctest */ = {isa = PBXFileReference; explicitFileType = wrapper.cfbundle; includeInIndex = 0; path = authtestUITests.xctest; sourceTree = BUILT_PRODUCTS_DIR; };
		6B5218851E143A8400E23FF0 /* authtestUITests.swift */ = {isa = PBXFileReference; lastKnownFileType = sourcecode.swift; path = authtestUITests.swift; sourceTree = "<group>"; };
		6B5218871E143A8400E23FF0 /* Info.plist */ = {isa = PBXFileReference; lastKnownFileType = text.plist.xml; path = Info.plist; sourceTree = "<group>"; };
		7759E4D0363C5DCD4A61551F /* Pods-authtestTests.release.xcconfig */ = {isa = PBXFileReference; includeInIndex = 1; lastKnownFileType = text.xcconfig; name = "Pods-authtestTests.release.xcconfig"; path = "Pods/Target Support Files/Pods-authtestTests/Pods-authtestTests.release.xcconfig"; sourceTree = "<group>"; };
		B9E865895E7CA5683E2D0ED0 /* Pods-authtestTests.debug.xcconfig */ = {isa = PBXFileReference; includeInIndex = 1; lastKnownFileType = text.xcconfig; name = "Pods-authtestTests.debug.xcconfig"; path = "Pods/Target Support Files/Pods-authtestTests/Pods-authtestTests.debug.xcconfig"; sourceTree = "<group>"; };
		FE6BE65E37B4FA85A2BD0CCF /* Pods_authtestUITests.framework */ = {isa = PBXFileReference; explicitFileType = wrapper.framework; includeInIndex = 0; path = Pods_authtestUITests.framework; sourceTree = BUILT_PRODUCTS_DIR; };
/* End PBXFileReference section */

/* Begin PBXFrameworksBuildPhase section */
		6B52185F1E143A8300E23FF0 /* Frameworks */ = {
			isa = PBXFrameworksBuildPhase;
			buildActionMask = 2147483647;
			files = (
				112703C4EBB866F87EBFE874 /* Pods_authtest.framework in Frameworks */,
			);
			runOnlyForDeploymentPostprocessing = 0;
		};
		6B5218731E143A8400E23FF0 /* Frameworks */ = {
			isa = PBXFrameworksBuildPhase;
			buildActionMask = 2147483647;
			files = (
				11EF89C33083E33B6FF1606E /* Pods_authtestTests.framework in Frameworks */,
			);
			runOnlyForDeploymentPostprocessing = 0;
		};
		6B52187E1E143A8400E23FF0 /* Frameworks */ = {
			isa = PBXFrameworksBuildPhase;
			buildActionMask = 2147483647;
			files = (
				2DBA63D3E167229194FC137B /* Pods_authtestUITests.framework in Frameworks */,
			);
			runOnlyForDeploymentPostprocessing = 0;
		};
/* End PBXFrameworksBuildPhase section */

/* Begin PBXGroup section */
		0DF26379B7BC335F5EEDFE0F /* Frameworks */ = {
			isa = PBXGroup;
			children = (
				012201DAA660D7473A3B0F63 /* Pods_authtest.framework */,
				2CBDED10EB742461765452A7 /* Pods_authtestTests.framework */,
				FE6BE65E37B4FA85A2BD0CCF /* Pods_authtestUITests.framework */,
			);
			name = Frameworks;
			sourceTree = "<group>";
		};
		37A28BB668471058C5986668 /* Pods */ = {
			isa = PBXGroup;
			children = (
				56E59EF2A9997A06EE6727AF /* Pods-authtest.debug.xcconfig */,
				553BF6D95800B0DD46322716 /* Pods-authtest.release.xcconfig */,
				B9E865895E7CA5683E2D0ED0 /* Pods-authtestTests.debug.xcconfig */,
				7759E4D0363C5DCD4A61551F /* Pods-authtestTests.release.xcconfig */,
				32217414D6A1A19FABE6973E /* Pods-authtestUITests.debug.xcconfig */,
				2F2B0A6571B8E878202AE2DE /* Pods-authtestUITests.release.xcconfig */,
			);
			name = Pods;
			sourceTree = "<group>";
		};
		6B5218591E143A8300E23FF0 = {
			isa = PBXGroup;
			children = (
				6B5218641E143A8300E23FF0 /* authtest */,
				6B5218791E143A8400E23FF0 /* authtestTests */,
				6B5218841E143A8400E23FF0 /* authtestUITests */,
				6B5218631E143A8300E23FF0 /* Products */,
				37A28BB668471058C5986668 /* Pods */,
				0DF26379B7BC335F5EEDFE0F /* Frameworks */,
			);
			sourceTree = "<group>";
		};
		6B5218631E143A8300E23FF0 /* Products */ = {
			isa = PBXGroup;
			children = (
				6B5218621E143A8300E23FF0 /* authtest.app */,
				6B5218761E143A8400E23FF0 /* authtestTests.xctest */,
				6B5218811E143A8400E23FF0 /* authtestUITests.xctest */,
			);
			name = Products;
			sourceTree = "<group>";
		};
		6B5218641E143A8300E23FF0 /* authtest */ = {
			isa = PBXGroup;
			children = (
				6B5218651E143A8300E23FF0 /* AppDelegate.swift */,
				6B5218671E143A8300E23FF0 /* ViewController.swift */,
				6B5218691E143A8300E23FF0 /* Main.storyboard */,
				6B52186C1E143A8300E23FF0 /* Assets.xcassets */,
				6B52186E1E143A8300E23FF0 /* LaunchScreen.storyboard */,
				6B5218711E143A8300E23FF0 /* Info.plist */,
				6B017A7A1E14E0BC0090F0F6 /* AuthModalViewController.swift */,
			);
			path = authtest;
			sourceTree = "<group>";
		};
		6B5218791E143A8400E23FF0 /* authtestTests */ = {
			isa = PBXGroup;
			children = (
				6B52187A1E143A8400E23FF0 /* authtestTests.swift */,
				6B52187C1E143A8400E23FF0 /* Info.plist */,
			);
			path = authtestTests;
			sourceTree = "<group>";
		};
		6B5218841E143A8400E23FF0 /* authtestUITests */ = {
			isa = PBXGroup;
			children = (
				6B5218851E143A8400E23FF0 /* authtestUITests.swift */,
				6B5218871E143A8400E23FF0 /* Info.plist */,
			);
			path = authtestUITests;
			sourceTree = "<group>";
		};
/* End PBXGroup section */

/* Begin PBXNativeTarget section */
		6B5218611E143A8300E23FF0 /* authtest */ = {
			isa = PBXNativeTarget;
			buildConfigurationList = 6B52188A1E143A8400E23FF0 /* Build configuration list for PBXNativeTarget "authtest" */;
			buildPhases = (
				8D541B277D7F7C6947E7B601 /* [CP] Check Pods Manifest.lock */,
				6B52185E1E143A8300E23FF0 /* Sources */,
				6B52185F1E143A8300E23FF0 /* Frameworks */,
				6B5218601E143A8300E23FF0 /* Resources */,
				8B666C92BA8D3DC6F981091D /* [CP] Embed Pods Frameworks */,
				105B09D6C00CA780887E3CAF /* [CP] Copy Pods Resources */,
				6B1E5DF61E15820B00FCA78E /* ShellScript */,
			);
			buildRules = (
			);
			dependencies = (
			);
			name = authtest;
			productName = authtest;
			productReference = 6B5218621E143A8300E23FF0 /* authtest.app */;
			productType = "com.apple.product-type.application";
		};
		6B5218751E143A8400E23FF0 /* authtestTests */ = {
			isa = PBXNativeTarget;
			buildConfigurationList = 6B52188D1E143A8400E23FF0 /* Build configuration list for PBXNativeTarget "authtestTests" */;
			buildPhases = (
				05377428E16EFE0042622690 /* [CP] Check Pods Manifest.lock */,
				6B5218721E143A8400E23FF0 /* Sources */,
				6B5218731E143A8400E23FF0 /* Frameworks */,
				6B5218741E143A8400E23FF0 /* Resources */,
				40F45242F8247A7409F53511 /* [CP] Embed Pods Frameworks */,
				BA1E75D04B0A2885CAD6B15F /* [CP] Copy Pods Resources */,
			);
			buildRules = (
			);
			dependencies = (
				6B5218781E143A8400E23FF0 /* PBXTargetDependency */,
			);
			name = authtestTests;
			productName = authtestTests;
			productReference = 6B5218761E143A8400E23FF0 /* authtestTests.xctest */;
			productType = "com.apple.product-type.bundle.unit-test";
		};
		6B5218801E143A8400E23FF0 /* authtestUITests */ = {
			isa = PBXNativeTarget;
			buildConfigurationList = 6B5218901E143A8400E23FF0 /* Build configuration list for PBXNativeTarget "authtestUITests" */;
			buildPhases = (
				2B75AB1A479D233686289758 /* [CP] Check Pods Manifest.lock */,
				6B52187D1E143A8400E23FF0 /* Sources */,
				6B52187E1E143A8400E23FF0 /* Frameworks */,
				6B52187F1E143A8400E23FF0 /* Resources */,
				68E0DA2141DE6C252963C839 /* [CP] Embed Pods Frameworks */,
				8A9E29F32243EB717C0DD1FF /* [CP] Copy Pods Resources */,
			);
			buildRules = (
			);
			dependencies = (
				6B5218831E143A8400E23FF0 /* PBXTargetDependency */,
			);
			name = authtestUITests;
			productName = authtestUITests;
			productReference = 6B5218811E143A8400E23FF0 /* authtestUITests.xctest */;
			productType = "com.apple.product-type.bundle.ui-testing";
		};
/* End PBXNativeTarget section */

/* Begin PBXProject section */
		6B52185A1E143A8300E23FF0 /* Project object */ = {
			isa = PBXProject;
			attributes = {
				LastSwiftUpdateCheck = 0820;
				LastUpgradeCheck = 0820;
				ORGANIZATIONNAME = sabazusi;
				TargetAttributes = {
					6B5218611E143A8300E23FF0 = {
						CreatedOnToolsVersion = 8.2.1;
						ProvisioningStyle = Automatic;
					};
					6B5218751E143A8400E23FF0 = {
						CreatedOnToolsVersion = 8.2.1;
						ProvisioningStyle = Automatic;
						TestTargetID = 6B5218611E143A8300E23FF0;
					};
					6B5218801E143A8400E23FF0 = {
						CreatedOnToolsVersion = 8.2.1;
						ProvisioningStyle = Automatic;
						TestTargetID = 6B5218611E143A8300E23FF0;
					};
				};
			};
			buildConfigurationList = 6B52185D1E143A8300E23FF0 /* Build configuration list for PBXProject "authtest" */;
			compatibilityVersion = "Xcode 3.2";
			developmentRegion = English;
			hasScannedForEncodings = 0;
			knownRegions = (
				en,
				Base,
			);
			mainGroup = 6B5218591E143A8300E23FF0;
			productRefGroup = 6B5218631E143A8300E23FF0 /* Products */;
			projectDirPath = "";
			projectRoot = "";
			targets = (
				6B5218611E143A8300E23FF0 /* authtest */,
				6B5218751E143A8400E23FF0 /* authtestTests */,
				6B5218801E143A8400E23FF0 /* authtestUITests */,
			);
		};
/* End PBXProject section */

/* Begin PBXResourcesBuildPhase section */
		6B5218601E143A8300E23FF0 /* Resources */ = {
			isa = PBXResourcesBuildPhase;
			buildActionMask = 2147483647;
			files = (
				6B5218701E143A8300E23FF0 /* LaunchScreen.storyboard in Resources */,
				6B52186D1E143A8300E23FF0 /* Assets.xcassets in Resources */,
				6B52186B1E143A8300E23FF0 /* Main.storyboard in Resources */,
			);
			runOnlyForDeploymentPostprocessing = 0;
		};
		6B5218741E143A8400E23FF0 /* Resources */ = {
			isa = PBXResourcesBuildPhase;
			buildActionMask = 2147483647;
			files = (
			);
			runOnlyForDeploymentPostprocessing = 0;
		};
		6B52187F1E143A8400E23FF0 /* Resources */ = {
			isa = PBXResourcesBuildPhase;
			buildActionMask = 2147483647;
			files = (
			);
			runOnlyForDeploymentPostprocessing = 0;
		};
/* End PBXResourcesBuildPhase section */

/* Begin PBXShellScriptBuildPhase section */
		05377428E16EFE0042622690 /* [CP] Check Pods Manifest.lock */ = {
			isa = PBXShellScriptBuildPhase;
			buildActionMask = 2147483647;
			files = (
			);
			inputPaths = (
			);
			name = "[CP] Check Pods Manifest.lock";
			outputPaths = (
			);
			runOnlyForDeploymentPostprocessing = 0;
			shellPath = /bin/sh;
			shellScript = "diff \"${PODS_ROOT}/../Podfile.lock\" \"${PODS_ROOT}/Manifest.lock\" > /dev/null\nif [ $? != 0 ] ; then\n    # print error to STDERR\n    echo \"error: The sandbox is not in sync with the Podfile.lock. Run 'pod install' or update your CocoaPods installation.\" >&2\n    exit 1\nfi\n";
			showEnvVarsInLog = 0;
		};
		105B09D6C00CA780887E3CAF /* [CP] Copy Pods Resources */ = {
			isa = PBXShellScriptBuildPhase;
			buildActionMask = 2147483647;
			files = (
			);
			inputPaths = (
			);
			name = "[CP] Copy Pods Resources";
			outputPaths = (
			);
			runOnlyForDeploymentPostprocessing = 0;
			shellPath = /bin/sh;
			shellScript = "\"${SRCROOT}/Pods/Target Support Files/Pods-authtest/Pods-authtest-resources.sh\"\n";
			showEnvVarsInLog = 0;
		};
		2B75AB1A479D233686289758 /* [CP] Check Pods Manifest.lock */ = {
			isa = PBXShellScriptBuildPhase;
			buildActionMask = 2147483647;
			files = (
			);
			inputPaths = (
			);
			name = "[CP] Check Pods Manifest.lock";
			outputPaths = (
			);
			runOnlyForDeploymentPostprocessing = 0;
			shellPath = /bin/sh;
			shellScript = "diff \"${PODS_ROOT}/../Podfile.lock\" \"${PODS_ROOT}/Manifest.lock\" > /dev/null\nif [ $? != 0 ] ; then\n    # print error to STDERR\n    echo \"error: The sandbox is not in sync with the Podfile.lock. Run 'pod install' or update your CocoaPods installation.\" >&2\n    exit 1\nfi\n";
			showEnvVarsInLog = 0;
		};
		40F45242F8247A7409F53511 /* [CP] Embed Pods Frameworks */ = {
			isa = PBXShellScriptBuildPhase;
			buildActionMask = 2147483647;
			files = (
			);
			inputPaths = (
			);
			name = "[CP] Embed Pods Frameworks";
			outputPaths = (
			);
			runOnlyForDeploymentPostprocessing = 0;
			shellPath = /bin/sh;
			shellScript = "\"${SRCROOT}/Pods/Target Support Files/Pods-authtestTests/Pods-authtestTests-frameworks.sh\"\n";
			showEnvVarsInLog = 0;
		};
		68E0DA2141DE6C252963C839 /* [CP] Embed Pods Frameworks */ = {
			isa = PBXShellScriptBuildPhase;
			buildActionMask = 2147483647;
			files = (
			);
			inputPaths = (
			);
			name = "[CP] Embed Pods Frameworks";
			outputPaths = (
			);
			runOnlyForDeploymentPostprocessing = 0;
			shellPath = /bin/sh;
			shellScript = "\"${SRCROOT}/Pods/Target Support Files/Pods-authtestUITests/Pods-authtestUITests-frameworks.sh\"\n";
			showEnvVarsInLog = 0;
		};
		6B1E5DF61E15820B00FCA78E /* ShellScript */ = {
			isa = PBXShellScriptBuildPhase;
			buildActionMask = 2147483647;
			files = (
			);
			inputPaths = (
			);
			outputPaths = (
			);
			runOnlyForDeploymentPostprocessing = 0;
			shellPath = /bin/sh;
			shellScript = "\"${PODS_ROOT}/Fabric/run\" 944b911258b6ca1abb81a44002399f6dc54bc24f 27921938bcfba95744a924656bcd6590fd434f5f6f4587d2d6cf6a340221f6d9";
		};
		8A9E29F32243EB717C0DD1FF /* [CP] Copy Pods Resources */ = {
			isa = PBXShellScriptBuildPhase;
			buildActionMask = 2147483647;
			files = (
			);
			inputPaths = (
			);
			name = "[CP] Copy Pods Resources";
			outputPaths = (
			);
			runOnlyForDeploymentPostprocessing = 0;
			shellPath = /bin/sh;
			shellScript = "\"${SRCROOT}/Pods/Target Support Files/Pods-authtestUITests/Pods-authtestUITests-resources.sh\"\n";
			showEnvVarsInLog = 0;
		};
		8B666C92BA8D3DC6F981091D /* [CP] Embed Pods Frameworks */ = {
			isa = PBXShellScriptBuildPhase;
			buildActionMask = 2147483647;
			files = (
			);
			inputPaths = (
			);
			name = "[CP] Embed Pods Frameworks";
			outputPaths = (
			);
			runOnlyForDeploymentPostprocessing = 0;
			shellPath = /bin/sh;
			shellScript = "\"${SRCROOT}/Pods/Target Support Files/Pods-authtest/Pods-authtest-frameworks.sh\"\n";
			showEnvVarsInLog = 0;
		};
		8D541B277D7F7C6947E7B601 /* [CP] Check Pods Manifest.lock */ = {
			isa = PBXShellScriptBuildPhase;
			buildActionMask = 2147483647;
			files = (
			);
			inputPaths = (
			);
			name = "[CP] Check Pods Manifest.lock";
			outputPaths = (
			);
			runOnlyForDeploymentPostprocessing = 0;
			shellPath = /bin/sh;
			shellScript = "diff \"${PODS_ROOT}/../Podfile.lock\" \"${PODS_ROOT}/Manifest.lock\" > /dev/null\nif [ $? != 0 ] ; then\n    # print error to STDERR\n    echo \"error: The sandbox is not in sync with the Podfile.lock. Run 'pod install' or update your CocoaPods installation.\" >&2\n    exit 1\nfi\n";
			showEnvVarsInLog = 0;
		};
		BA1E75D04B0A2885CAD6B15F /* [CP] Copy Pods Resources */ = {
			isa = PBXShellScriptBuildPhase;
			buildActionMask = 2147483647;
			files = (
			);
			inputPaths = (
			);
			name = "[CP] Copy Pods Resources";
			outputPaths = (
			);
			runOnlyForDeploymentPostprocessing = 0;
			shellPath = /bin/sh;
			shellScript = "\"${SRCROOT}/Pods/Target Support Files/Pods-authtestTests/Pods-authtestTests-resources.sh\"\n";
			showEnvVarsInLog = 0;
		};
/* End PBXShellScriptBuildPhase section */

/* Begin PBXSourcesBuildPhase section */
		6B52185E1E143A8300E23FF0 /* Sources */ = {
			isa = PBXSourcesBuildPhase;
			buildActionMask = 2147483647;
			files = (
				6B5218681E143A8300E23FF0 /* ViewController.swift in Sources */,
				6B5218661E143A8300E23FF0 /* AppDelegate.swift in Sources */,
				6B017A7B1E14E0BC0090F0F6 /* AuthModalViewController.swift in Sources */,
			);
			runOnlyForDeploymentPostprocessing = 0;
		};
		6B5218721E143A8400E23FF0 /* Sources */ = {
			isa = PBXSourcesBuildPhase;
			buildActionMask = 2147483647;
			files = (
				6B52187B1E143A8400E23FF0 /* authtestTests.swift in Sources */,
			);
			runOnlyForDeploymentPostprocessing = 0;
		};
		6B52187D1E143A8400E23FF0 /* Sources */ = {
			isa = PBXSourcesBuildPhase;
			buildActionMask = 2147483647;
			files = (
				6B5218861E143A8400E23FF0 /* authtestUITests.swift in Sources */,
			);
			runOnlyForDeploymentPostprocessing = 0;
		};
/* End PBXSourcesBuildPhase section */

/* Begin PBXTargetDependency section */
		6B5218781E143A8400E23FF0 /* PBXTargetDependency */ = {
			isa = PBXTargetDependency;
			target = 6B5218611E143A8300E23FF0 /* authtest */;
			targetProxy = 6B5218771E143A8400E23FF0 /* PBXContainerItemProxy */;
		};
		6B5218831E143A8400E23FF0 /* PBXTargetDependency */ = {
			isa = PBXTargetDependency;
			target = 6B5218611E143A8300E23FF0 /* authtest */;
			targetProxy = 6B5218821E143A8400E23FF0 /* PBXContainerItemProxy */;
		};
/* End PBXTargetDependency section */

/* Begin PBXVariantGroup section */
		6B5218691E143A8300E23FF0 /* Main.storyboard */ = {
			isa = PBXVariantGroup;
			children = (
				6B52186A1E143A8300E23FF0 /* Base */,
			);
			name = Main.storyboard;
			sourceTree = "<group>";
		};
		6B52186E1E143A8300E23FF0 /* LaunchScreen.storyboard */ = {
			isa = PBXVariantGroup;
			children = (
				6B52186F1E143A8300E23FF0 /* Base */,
			);
			name = LaunchScreen.storyboard;
			sourceTree = "<group>";
		};
/* End PBXVariantGroup section */

/* Begin XCBuildConfiguration section */
		6B5218881E143A8400E23FF0 /* Debug */ = {
			isa = XCBuildConfiguration;
			buildSettings = {
				ALWAYS_SEARCH_USER_PATHS = NO;
				CLANG_ANALYZER_NONNULL = YES;
				CLANG_CXX_LANGUAGE_STANDARD = "gnu++0x";
				CLANG_CXX_LIBRARY = "libc++";
				CLANG_ENABLE_MODULES = YES;
				CLANG_ENABLE_OBJC_ARC = YES;
				CLANG_WARN_BOOL_CONVERSION = YES;
				CLANG_WARN_CONSTANT_CONVERSION = YES;
				CLANG_WARN_DIRECT_OBJC_ISA_USAGE = YES_ERROR;
				CLANG_WARN_DOCUMENTATION_COMMENTS = YES;
				CLANG_WARN_EMPTY_BODY = YES;
				CLANG_WARN_ENUM_CONVERSION = YES;
				CLANG_WARN_INFINITE_RECURSION = YES;
				CLANG_WARN_INT_CONVERSION = YES;
				CLANG_WARN_OBJC_ROOT_CLASS = YES_ERROR;
				CLANG_WARN_SUSPICIOUS_MOVE = YES;
				CLANG_WARN_UNREACHABLE_CODE = YES;
				CLANG_WARN__DUPLICATE_METHOD_MATCH = YES;
				"CODE_SIGN_IDENTITY[sdk=iphoneos*]" = "iPhone Developer";
				COPY_PHASE_STRIP = NO;
				DEBUG_INFORMATION_FORMAT = dwarf;
				ENABLE_STRICT_OBJC_MSGSEND = YES;
				ENABLE_TESTABILITY = YES;
				GCC_C_LANGUAGE_STANDARD = gnu99;
				GCC_DYNAMIC_NO_PIC = NO;
				GCC_NO_COMMON_BLOCKS = YES;
				GCC_OPTIMIZATION_LEVEL = 0;
				GCC_PREPROCESSOR_DEFINITIONS = (
					"DEBUG=1",
					"$(inherited)",
				);
				GCC_WARN_64_TO_32_BIT_CONVERSION = YES;
				GCC_WARN_ABOUT_RETURN_TYPE = YES_ERROR;
				GCC_WARN_UNDECLARED_SELECTOR = YES;
				GCC_WARN_UNINITIALIZED_AUTOS = YES_AGGRESSIVE;
				GCC_WARN_UNUSED_FUNCTION = YES;
				GCC_WARN_UNUSED_VARIABLE = YES;
				IPHONEOS_DEPLOYMENT_TARGET = 10.2;
				MTL_ENABLE_DEBUG_INFO = YES;
				ONLY_ACTIVE_ARCH = YES;
				SDKROOT = iphoneos;
				SWIFT_ACTIVE_COMPILATION_CONDITIONS = DEBUG;
				SWIFT_OPTIMIZATION_LEVEL = "-Onone";
			};
			name = Debug;
		};
		6B5218891E143A8400E23FF0 /* Release */ = {
			isa = XCBuildConfiguration;
			buildSettings = {
				ALWAYS_SEARCH_USER_PATHS = NO;
				CLANG_ANALYZER_NONNULL = YES;
				CLANG_CXX_LANGUAGE_STANDARD = "gnu++0x";
				CLANG_CXX_LIBRARY = "libc++";
				CLANG_ENABLE_MODULES = YES;
				CLANG_ENABLE_OBJC_ARC = YES;
				CLANG_WARN_BOOL_CONVERSION = YES;
				CLANG_WARN_CONSTANT_CONVERSION = YES;
				CLANG_WARN_DIRECT_OBJC_ISA_USAGE = YES_ERROR;
				CLANG_WARN_DOCUMENTATION_COMMENTS = YES;
				CLANG_WARN_EMPTY_BODY = YES;
				CLANG_WARN_ENUM_CONVERSION = YES;
				CLANG_WARN_INFINITE_RECURSION = YES;
				CLANG_WARN_INT_CONVERSION = YES;
				CLANG_WARN_OBJC_ROOT_CLASS = YES_ERROR;
				CLANG_WARN_SUSPICIOUS_MOVE = YES;
				CLANG_WARN_UNREACHABLE_CODE = YES;
				CLANG_WARN__DUPLICATE_METHOD_MATCH = YES;
				"CODE_SIGN_IDENTITY[sdk=iphoneos*]" = "iPhone Developer";
				COPY_PHASE_STRIP = NO;
				DEBUG_INFORMATION_FORMAT = "dwarf-with-dsym";
				ENABLE_NS_ASSERTIONS = NO;
				ENABLE_STRICT_OBJC_MSGSEND = YES;
				GCC_C_LANGUAGE_STANDARD = gnu99;
				GCC_NO_COMMON_BLOCKS = YES;
				GCC_WARN_64_TO_32_BIT_CONVERSION = YES;
				GCC_WARN_ABOUT_RETURN_TYPE = YES_ERROR;
				GCC_WARN_UNDECLARED_SELECTOR = YES;
				GCC_WARN_UNINITIALIZED_AUTOS = YES_AGGRESSIVE;
				GCC_WARN_UNUSED_FUNCTION = YES;
				GCC_WARN_UNUSED_VARIABLE = YES;
				IPHONEOS_DEPLOYMENT_TARGET = 10.2;
				MTL_ENABLE_DEBUG_INFO = NO;
				SDKROOT = iphoneos;
				SWIFT_OPTIMIZATION_LEVEL = "-Owholemodule";
				VALIDATE_PRODUCT = YES;
			};
			name = Release;
		};
		6B52188B1E143A8400E23FF0 /* Debug */ = {
			isa = XCBuildConfiguration;
			baseConfigurationReference = 56E59EF2A9997A06EE6727AF /* Pods-authtest.debug.xcconfig */;
			buildSettings = {
				ASSETCATALOG_COMPILER_APPICON_NAME = AppIcon;
				INFOPLIST_FILE = authtest/Info.plist;
				LD_RUNPATH_SEARCH_PATHS = "$(inherited) @executable_path/Frameworks";
				PRODUCT_BUNDLE_IDENTIFIER = sabazusi.authtest;
				PRODUCT_NAME = "$(TARGET_NAME)";
				SWIFT_VERSION = 3.0;
				TARGETED_DEVICE_FAMILY = 1;
			};
			name = Debug;
		};
		6B52188C1E143A8400E23FF0 /* Release */ = {
			isa = XCBuildConfiguration;
			baseConfigurationReference = 553BF6D95800B0DD46322716 /* Pods-authtest.release.xcconfig */;
			buildSettings = {
				ASSETCATALOG_COMPILER_APPICON_NAME = AppIcon;
				INFOPLIST_FILE = authtest/Info.plist;
				LD_RUNPATH_SEARCH_PATHS = "$(inherited) @executable_path/Frameworks";
				PRODUCT_BUNDLE_IDENTIFIER = sabazusi.authtest;
				PRODUCT_NAME = "$(TARGET_NAME)";
				SWIFT_VERSION = 3.0;
				TARGETED_DEVICE_FAMILY = 1;
			};
			name = Release;
		};
		6B52188E1E143A8400E23FF0 /* Debug */ = {
			isa = XCBuildConfiguration;
			baseConfigurationReference = B9E865895E7CA5683E2D0ED0 /* Pods-authtestTests.debug.xcconfig */;
			buildSettings = {
				ALWAYS_EMBED_SWIFT_STANDARD_LIBRARIES = YES;
				BUNDLE_LOADER = "$(TEST_HOST)";
				INFOPLIST_FILE = authtestTests/Info.plist;
				LD_RUNPATH_SEARCH_PATHS = "$(inherited) @executable_path/Frameworks @loader_path/Frameworks";
				PRODUCT_BUNDLE_IDENTIFIER = sabazusi.authtestTests;
				PRODUCT_NAME = "$(TARGET_NAME)";
				SWIFT_VERSION = 3.0;
				TEST_HOST = "$(BUILT_PRODUCTS_DIR)/authtest.app/authtest";
			};
			name = Debug;
		};
		6B52188F1E143A8400E23FF0 /* Release */ = {
			isa = XCBuildConfiguration;
			baseConfigurationReference = 7759E4D0363C5DCD4A61551F /* Pods-authtestTests.release.xcconfig */;
			buildSettings = {
				ALWAYS_EMBED_SWIFT_STANDARD_LIBRARIES = YES;
				BUNDLE_LOADER = "$(TEST_HOST)";
				INFOPLIST_FILE = authtestTests/Info.plist;
				LD_RUNPATH_SEARCH_PATHS = "$(inherited) @executable_path/Frameworks @loader_path/Frameworks";
				PRODUCT_BUNDLE_IDENTIFIER = sabazusi.authtestTests;
				PRODUCT_NAME = "$(TARGET_NAME)";
				SWIFT_VERSION = 3.0;
				TEST_HOST = "$(BUILT_PRODUCTS_DIR)/authtest.app/authtest";
			};
			name = Release;
		};
		6B5218911E143A8400E23FF0 /* Debug */ = {
			isa = XCBuildConfiguration;
			baseConfigurationReference = 32217414D6A1A19FABE6973E /* Pods-authtestUITests.debug.xcconfig */;
			buildSettings = {
				ALWAYS_EMBED_SWIFT_STANDARD_LIBRARIES = YES;
				INFOPLIST_FILE = authtestUITests/Info.plist;
				LD_RUNPATH_SEARCH_PATHS = "$(inherited) @executable_path/Frameworks @loader_path/Frameworks";
				PRODUCT_BUNDLE_IDENTIFIER = sabazusi.authtestUITests;
				PRODUCT_NAME = "$(TARGET_NAME)";
				SWIFT_VERSION = 3.0;
				TEST_TARGET_NAME = authtest;
			};
			name = Debug;
		};
		6B5218921E143A8400E23FF0 /* Release */ = {
			isa = XCBuildConfiguration;
			baseConfigurationReference = 2F2B0A6571B8E878202AE2DE /* Pods-authtestUITests.release.xcconfig */;
			buildSettings = {
				ALWAYS_EMBED_SWIFT_STANDARD_LIBRARIES = YES;
				INFOPLIST_FILE = authtestUITests/Info.plist;
				LD_RUNPATH_SEARCH_PATHS = "$(inherited) @executable_path/Frameworks @loader_path/Frameworks";
				PRODUCT_BUNDLE_IDENTIFIER = sabazusi.authtestUITests;
				PRODUCT_NAME = "$(TARGET_NAME)";
				SWIFT_VERSION = 3.0;
				TEST_TARGET_NAME = authtest;
			};
			name = Release;
		};
/* End XCBuildConfiguration section */

/* Begin XCConfigurationList section */
		6B52185D1E143A8300E23FF0 /* Build configuration list for PBXProject "authtest" */ = {
			isa = XCConfigurationList;
			buildConfigurations = (
				6B5218881E143A8400E23FF0 /* Debug */,
				6B5218891E143A8400E23FF0 /* Release */,
			);
			defaultConfigurationIsVisible = 0;
			defaultConfigurationName = Release;
		};
		6B52188A1E143A8400E23FF0 /* Build configuration list for PBXNativeTarget "authtest" */ = {
			isa = XCConfigurationList;
			buildConfigurations = (
				6B52188B1E143A8400E23FF0 /* Debug */,
				6B52188C1E143A8400E23FF0 /* Release */,
			);
			defaultConfigurationIsVisible = 0;
			defaultConfigurationName = Release;
		};
		6B52188D1E143A8400E23FF0 /* Build configuration list for PBXNativeTarget "authtestTests" */ = {
			isa = XCConfigurationList;
			buildConfigurations = (
				6B52188E1E143A8400E23FF0 /* Debug */,
				6B52188F1E143A8400E23FF0 /* Release */,
			);
			defaultConfigurationIsVisible = 0;
			defaultConfigurationName = Release;
		};
		6B5218901E143A8400E23FF0 /* Build configuration list for PBXNativeTarget "authtestUITests" */ = {
			isa = XCConfigurationList;
			buildConfigurations = (
				6B5218911E143A8400E23FF0 /* Debug */,
				6B5218921E143A8400E23FF0 /* Release */,
			);
			defaultConfigurationIsVisible = 0;
			defaultConfigurationName = Release;
		};
/* End XCConfigurationList section */
	};
	rootObject = 6B52185A1E143A8300E23FF0 /* Project object */;
}
