// !$*UTF8*$!
{
	archiveVersion = 1;
	classes = {
	};
	objectVersion = 48;
	objects = {

/* Begin PBXBuildFile section */
		6B520ADB1F81172E004D7A74 /* AppDelegate.swift in Sources */ = {isa = PBXBuildFile; fileRef = 6B520ADA1F81172E004D7A74 /* AppDelegate.swift */; };
		6B520ADD1F81172E004D7A74 /* ViewController.swift in Sources */ = {isa = PBXBuildFile; fileRef = 6B520ADC1F81172E004D7A74 /* ViewController.swift */; };
		6B520AE01F81172E004D7A74 /* Main.storyboard in Resources */ = {isa = PBXBuildFile; fileRef = 6B520ADE1F81172E004D7A74 /* Main.storyboard */; };
		6B520AE21F81172E004D7A74 /* Assets.xcassets in Resources */ = {isa = PBXBuildFile; fileRef = 6B520AE11F81172E004D7A74 /* Assets.xcassets */; };
		6B520AE51F81172E004D7A74 /* LaunchScreen.storyboard in Resources */ = {isa = PBXBuildFile; fileRef = 6B520AE31F81172E004D7A74 /* LaunchScreen.storyboard */; };
		6B520AF01F81172F004D7A74 /* KannaTestTests.swift in Sources */ = {isa = PBXBuildFile; fileRef = 6B520AEF1F81172F004D7A74 /* KannaTestTests.swift */; };
		6B520AFB1F81172F004D7A74 /* KannaTestUITests.swift in Sources */ = {isa = PBXBuildFile; fileRef = 6B520AFA1F81172F004D7A74 /* KannaTestUITests.swift */; };
/* End PBXBuildFile section */

/* Begin PBXContainerItemProxy section */
		6B520AEC1F81172F004D7A74 /* PBXContainerItemProxy */ = {
			isa = PBXContainerItemProxy;
			containerPortal = 6B520ACF1F81172E004D7A74 /* Project object */;
			proxyType = 1;
			remoteGlobalIDString = 6B520AD61F81172E004D7A74;
			remoteInfo = KannaTest;
		};
		6B520AF71F81172F004D7A74 /* PBXContainerItemProxy */ = {
			isa = PBXContainerItemProxy;
			containerPortal = 6B520ACF1F81172E004D7A74 /* Project object */;
			proxyType = 1;
			remoteGlobalIDString = 6B520AD61F81172E004D7A74;
			remoteInfo = KannaTest;
		};
/* End PBXContainerItemProxy section */

/* Begin PBXFileReference section */
		6B520AD71F81172E004D7A74 /* KannaTest.app */ = {isa = PBXFileReference; explicitFileType = wrapper.application; includeInIndex = 0; path = KannaTest.app; sourceTree = BUILT_PRODUCTS_DIR; };
		6B520ADA1F81172E004D7A74 /* AppDelegate.swift */ = {isa = PBXFileReference; lastKnownFileType = sourcecode.swift; path = AppDelegate.swift; sourceTree = "<group>"; };
		6B520ADC1F81172E004D7A74 /* ViewController.swift */ = {isa = PBXFileReference; lastKnownFileType = sourcecode.swift; path = ViewController.swift; sourceTree = "<group>"; };
		6B520ADF1F81172E004D7A74 /* Base */ = {isa = PBXFileReference; lastKnownFileType = file.storyboard; name = Base; path = Base.lproj/Main.storyboard; sourceTree = "<group>"; };
		6B520AE11F81172E004D7A74 /* Assets.xcassets */ = {isa = PBXFileReference; lastKnownFileType = folder.assetcatalog; path = Assets.xcassets; sourceTree = "<group>"; };
		6B520AE41F81172E004D7A74 /* Base */ = {isa = PBXFileReference; lastKnownFileType = file.storyboard; name = Base; path = Base.lproj/LaunchScreen.storyboard; sourceTree = "<group>"; };
		6B520AE61F81172E004D7A74 /* Info.plist */ = {isa = PBXFileReference; lastKnownFileType = text.plist.xml; path = Info.plist; sourceTree = "<group>"; };
		6B520AEB1F81172F004D7A74 /* KannaTestTests.xctest */ = {isa = PBXFileReference; explicitFileType = wrapper.cfbundle; includeInIndex = 0; path = KannaTestTests.xctest; sourceTree = BUILT_PRODUCTS_DIR; };
		6B520AEF1F81172F004D7A74 /* KannaTestTests.swift */ = {isa = PBXFileReference; lastKnownFileType = sourcecode.swift; path = KannaTestTests.swift; sourceTree = "<group>"; };
		6B520AF11F81172F004D7A74 /* Info.plist */ = {isa = PBXFileReference; lastKnownFileType = text.plist.xml; path = Info.plist; sourceTree = "<group>"; };
		6B520AF61F81172F004D7A74 /* KannaTestUITests.xctest */ = {isa = PBXFileReference; explicitFileType = wrapper.cfbundle; includeInIndex = 0; path = KannaTestUITests.xctest; sourceTree = BUILT_PRODUCTS_DIR; };
		6B520AFA1F81172F004D7A74 /* KannaTestUITests.swift */ = {isa = PBXFileReference; lastKnownFileType = sourcecode.swift; path = KannaTestUITests.swift; sourceTree = "<group>"; };
		6B520AFC1F81172F004D7A74 /* Info.plist */ = {isa = PBXFileReference; lastKnownFileType = text.plist.xml; path = Info.plist; sourceTree = "<group>"; };
/* End PBXFileReference section */

/* Begin PBXFrameworksBuildPhase section */
		6B520AD41F81172E004D7A74 /* Frameworks */ = {
			isa = PBXFrameworksBuildPhase;
			buildActionMask = 2147483647;
			files = (
			);
			runOnlyForDeploymentPostprocessing = 0;
		};
		6B520AE81F81172F004D7A74 /* Frameworks */ = {
			isa = PBXFrameworksBuildPhase;
			buildActionMask = 2147483647;
			files = (
			);
			runOnlyForDeploymentPostprocessing = 0;
		};
		6B520AF31F81172F004D7A74 /* Frameworks */ = {
			isa = PBXFrameworksBuildPhase;
			buildActionMask = 2147483647;
			files = (
			);
			runOnlyForDeploymentPostprocessing = 0;
		};
/* End PBXFrameworksBuildPhase section */

/* Begin PBXGroup section */
		6B520ACE1F81172E004D7A74 = {
			isa = PBXGroup;
			children = (
				6B520AD91F81172E004D7A74 /* KannaTest */,
				6B520AEE1F81172F004D7A74 /* KannaTestTests */,
				6B520AF91F81172F004D7A74 /* KannaTestUITests */,
				6B520AD81F81172E004D7A74 /* Products */,
			);
			sourceTree = "<group>";
		};
		6B520AD81F81172E004D7A74 /* Products */ = {
			isa = PBXGroup;
			children = (
				6B520AD71F81172E004D7A74 /* KannaTest.app */,
				6B520AEB1F81172F004D7A74 /* KannaTestTests.xctest */,
				6B520AF61F81172F004D7A74 /* KannaTestUITests.xctest */,
			);
			name = Products;
			sourceTree = "<group>";
		};
		6B520AD91F81172E004D7A74 /* KannaTest */ = {
			isa = PBXGroup;
			children = (
				6B520ADA1F81172E004D7A74 /* AppDelegate.swift */,
				6B520ADC1F81172E004D7A74 /* ViewController.swift */,
				6B520ADE1F81172E004D7A74 /* Main.storyboard */,
				6B520AE11F81172E004D7A74 /* Assets.xcassets */,
				6B520AE31F81172E004D7A74 /* LaunchScreen.storyboard */,
				6B520AE61F81172E004D7A74 /* Info.plist */,
			);
			path = KannaTest;
			sourceTree = "<group>";
		};
		6B520AEE1F81172F004D7A74 /* KannaTestTests */ = {
			isa = PBXGroup;
			children = (
				6B520AEF1F81172F004D7A74 /* KannaTestTests.swift */,
				6B520AF11F81172F004D7A74 /* Info.plist */,
			);
			path = KannaTestTests;
			sourceTree = "<group>";
		};
		6B520AF91F81172F004D7A74 /* KannaTestUITests */ = {
			isa = PBXGroup;
			children = (
				6B520AFA1F81172F004D7A74 /* KannaTestUITests.swift */,
				6B520AFC1F81172F004D7A74 /* Info.plist */,
			);
			path = KannaTestUITests;
			sourceTree = "<group>";
		};
/* End PBXGroup section */

/* Begin PBXNativeTarget section */
		6B520AD61F81172E004D7A74 /* KannaTest */ = {
			isa = PBXNativeTarget;
			buildConfigurationList = 6B520AFF1F81172F004D7A74 /* Build configuration list for PBXNativeTarget "KannaTest" */;
			buildPhases = (
				6B520AD31F81172E004D7A74 /* Sources */,
				6B520AD41F81172E004D7A74 /* Frameworks */,
				6B520AD51F81172E004D7A74 /* Resources */,
			);
			buildRules = (
			);
			dependencies = (
			);
			name = KannaTest;
			productName = KannaTest;
			productReference = 6B520AD71F81172E004D7A74 /* KannaTest.app */;
			productType = "com.apple.product-type.application";
		};
		6B520AEA1F81172F004D7A74 /* KannaTestTests */ = {
			isa = PBXNativeTarget;
			buildConfigurationList = 6B520B021F81172F004D7A74 /* Build configuration list for PBXNativeTarget "KannaTestTests" */;
			buildPhases = (
				6B520AE71F81172F004D7A74 /* Sources */,
				6B520AE81F81172F004D7A74 /* Frameworks */,
				6B520AE91F81172F004D7A74 /* Resources */,
			);
			buildRules = (
			);
			dependencies = (
				6B520AED1F81172F004D7A74 /* PBXTargetDependency */,
			);
			name = KannaTestTests;
			productName = KannaTestTests;
			productReference = 6B520AEB1F81172F004D7A74 /* KannaTestTests.xctest */;
			productType = "com.apple.product-type.bundle.unit-test";
		};
		6B520AF51F81172F004D7A74 /* KannaTestUITests */ = {
			isa = PBXNativeTarget;
			buildConfigurationList = 6B520B051F81172F004D7A74 /* Build configuration list for PBXNativeTarget "KannaTestUITests" */;
			buildPhases = (
				6B520AF21F81172F004D7A74 /* Sources */,
				6B520AF31F81172F004D7A74 /* Frameworks */,
				6B520AF41F81172F004D7A74 /* Resources */,
			);
			buildRules = (
			);
			dependencies = (
				6B520AF81F81172F004D7A74 /* PBXTargetDependency */,
			);
			name = KannaTestUITests;
			productName = KannaTestUITests;
			productReference = 6B520AF61F81172F004D7A74 /* KannaTestUITests.xctest */;
			productType = "com.apple.product-type.bundle.ui-testing";
		};
/* End PBXNativeTarget section */

/* Begin PBXProject section */
		6B520ACF1F81172E004D7A74 /* Project object */ = {
			isa = PBXProject;
			attributes = {
				LastSwiftUpdateCheck = 0900;
				LastUpgradeCheck = 0900;
				ORGANIZATIONNAME = sabazusi;
				TargetAttributes = {
					6B520AD61F81172E004D7A74 = {
						CreatedOnToolsVersion = 9.0;
						ProvisioningStyle = Automatic;
					};
					6B520AEA1F81172F004D7A74 = {
						CreatedOnToolsVersion = 9.0;
						ProvisioningStyle = Automatic;
						TestTargetID = 6B520AD61F81172E004D7A74;
					};
					6B520AF51F81172F004D7A74 = {
						CreatedOnToolsVersion = 9.0;
						ProvisioningStyle = Automatic;
						TestTargetID = 6B520AD61F81172E004D7A74;
					};
				};
			};
			buildConfigurationList = 6B520AD21F81172E004D7A74 /* Build configuration list for PBXProject "KannaTest" */;
			compatibilityVersion = "Xcode 8.0";
			developmentRegion = en;
			hasScannedForEncodings = 0;
			knownRegions = (
				en,
				Base,
			);
			mainGroup = 6B520ACE1F81172E004D7A74;
			productRefGroup = 6B520AD81F81172E004D7A74 /* Products */;
			projectDirPath = "";
			projectRoot = "";
			targets = (
				6B520AD61F81172E004D7A74 /* KannaTest */,
				6B520AEA1F81172F004D7A74 /* KannaTestTests */,
				6B520AF51F81172F004D7A74 /* KannaTestUITests */,
			);
		};
/* End PBXProject section */

/* Begin PBXResourcesBuildPhase section */
		6B520AD51F81172E004D7A74 /* Resources */ = {
			isa = PBXResourcesBuildPhase;
			buildActionMask = 2147483647;
			files = (
				6B520AE51F81172E004D7A74 /* LaunchScreen.storyboard in Resources */,
				6B520AE21F81172E004D7A74 /* Assets.xcassets in Resources */,
				6B520AE01F81172E004D7A74 /* Main.storyboard in Resources */,
			);
			runOnlyForDeploymentPostprocessing = 0;
		};
		6B520AE91F81172F004D7A74 /* Resources */ = {
			isa = PBXResourcesBuildPhase;
			buildActionMask = 2147483647;
			files = (
			);
			runOnlyForDeploymentPostprocessing = 0;
		};
		6B520AF41F81172F004D7A74 /* Resources */ = {
			isa = PBXResourcesBuildPhase;
			buildActionMask = 2147483647;
			files = (
			);
			runOnlyForDeploymentPostprocessing = 0;
		};
/* End PBXResourcesBuildPhase section */

/* Begin PBXSourcesBuildPhase section */
		6B520AD31F81172E004D7A74 /* Sources */ = {
			isa = PBXSourcesBuildPhase;
			buildActionMask = 2147483647;
			files = (
				6B520ADD1F81172E004D7A74 /* ViewController.swift in Sources */,
				6B520ADB1F81172E004D7A74 /* AppDelegate.swift in Sources */,
			);
			runOnlyForDeploymentPostprocessing = 0;
		};
		6B520AE71F81172F004D7A74 /* Sources */ = {
			isa = PBXSourcesBuildPhase;
			buildActionMask = 2147483647;
			files = (
				6B520AF01F81172F004D7A74 /* KannaTestTests.swift in Sources */,
			);
			runOnlyForDeploymentPostprocessing = 0;
		};
		6B520AF21F81172F004D7A74 /* Sources */ = {
			isa = PBXSourcesBuildPhase;
			buildActionMask = 2147483647;
			files = (
				6B520AFB1F81172F004D7A74 /* KannaTestUITests.swift in Sources */,
			);
			runOnlyForDeploymentPostprocessing = 0;
		};
/* End PBXSourcesBuildPhase section */

/* Begin PBXTargetDependency section */
		6B520AED1F81172F004D7A74 /* PBXTargetDependency */ = {
			isa = PBXTargetDependency;
			target = 6B520AD61F81172E004D7A74 /* KannaTest */;
			targetProxy = 6B520AEC1F81172F004D7A74 /* PBXContainerItemProxy */;
		};
		6B520AF81F81172F004D7A74 /* PBXTargetDependency */ = {
			isa = PBXTargetDependency;
			target = 6B520AD61F81172E004D7A74 /* KannaTest */;
			targetProxy = 6B520AF71F81172F004D7A74 /* PBXContainerItemProxy */;
		};
/* End PBXTargetDependency section */

/* Begin PBXVariantGroup section */
		6B520ADE1F81172E004D7A74 /* Main.storyboard */ = {
			isa = PBXVariantGroup;
			children = (
				6B520ADF1F81172E004D7A74 /* Base */,
			);
			name = Main.storyboard;
			sourceTree = "<group>";
		};
		6B520AE31F81172E004D7A74 /* LaunchScreen.storyboard */ = {
			isa = PBXVariantGroup;
			children = (
				6B520AE41F81172E004D7A74 /* Base */,
			);
			name = LaunchScreen.storyboard;
			sourceTree = "<group>";
		};
/* End PBXVariantGroup section */

/* Begin XCBuildConfiguration section */
		6B520AFD1F81172F004D7A74 /* Debug */ = {
			isa = XCBuildConfiguration;
			buildSettings = {
				ALWAYS_SEARCH_USER_PATHS = NO;
				CLANG_ANALYZER_NONNULL = YES;
				CLANG_ANALYZER_NUMBER_OBJECT_CONVERSION = YES_AGGRESSIVE;
				CLANG_CXX_LANGUAGE_STANDARD = "gnu++14";
				CLANG_CXX_LIBRARY = "libc++";
				CLANG_ENABLE_MODULES = YES;
				CLANG_ENABLE_OBJC_ARC = YES;
				CLANG_WARN_BLOCK_CAPTURE_AUTORELEASING = YES;
				CLANG_WARN_BOOL_CONVERSION = YES;
				CLANG_WARN_COMMA = YES;
				CLANG_WARN_CONSTANT_CONVERSION = YES;
				CLANG_WARN_DIRECT_OBJC_ISA_USAGE = YES_ERROR;
				CLANG_WARN_DOCUMENTATION_COMMENTS = YES;
				CLANG_WARN_EMPTY_BODY = YES;
				CLANG_WARN_ENUM_CONVERSION = YES;
				CLANG_WARN_INFINITE_RECURSION = YES;
				CLANG_WARN_INT_CONVERSION = YES;
				CLANG_WARN_NON_LITERAL_NULL_CONVERSION = YES;
				CLANG_WARN_OBJC_LITERAL_CONVERSION = YES;
				CLANG_WARN_OBJC_ROOT_CLASS = YES_ERROR;
				CLANG_WARN_RANGE_LOOP_ANALYSIS = YES;
				CLANG_WARN_STRICT_PROTOTYPES = YES;
				CLANG_WARN_SUSPICIOUS_MOVE = YES;
				CLANG_WARN_UNGUARDED_AVAILABILITY = YES_AGGRESSIVE;
				CLANG_WARN_UNREACHABLE_CODE = YES;
				CLANG_WARN__DUPLICATE_METHOD_MATCH = YES;
				CODE_SIGN_IDENTITY = "iPhone Developer";
				COPY_PHASE_STRIP = NO;
				DEBUG_INFORMATION_FORMAT = dwarf;
				ENABLE_STRICT_OBJC_MSGSEND = YES;
				ENABLE_TESTABILITY = YES;
				GCC_C_LANGUAGE_STANDARD = gnu11;
				GCC_DYNAMIC_NO_PIC = NO;
				GCC_NO_COMMON_BLOCKS = YES;
				GCC_OPTIMIZATION_LEVEL = 0;
				GCC_PREPROCESSOR_DEFINITIONS = (
					"DEBUG=1",
					"$(inherited)",
				);
				GCC_WARN_64_TO_32_BIT_CONVERSION = YES;
				GCC_WARN_ABOUT_RETURN_TYPE = YES_ERROR;
				GCC_WARN_UNDECLARED_SELECTOR = YES;
				GCC_WARN_UNINITIALIZED_AUTOS = YES_AGGRESSIVE;
				GCC_WARN_UNUSED_FUNCTION = YES;
				GCC_WARN_UNUSED_VARIABLE = YES;
				IPHONEOS_DEPLOYMENT_TARGET = 11.0;
				MTL_ENABLE_DEBUG_INFO = YES;
				ONLY_ACTIVE_ARCH = YES;
				SDKROOT = iphoneos;
				SWIFT_ACTIVE_COMPILATION_CONDITIONS = DEBUG;
				SWIFT_OPTIMIZATION_LEVEL = "-Onone";
			};
			name = Debug;
		};
		6B520AFE1F81172F004D7A74 /* Release */ = {
			isa = XCBuildConfiguration;
			buildSettings = {
				ALWAYS_SEARCH_USER_PATHS = NO;
				CLANG_ANALYZER_NONNULL = YES;
				CLANG_ANALYZER_NUMBER_OBJECT_CONVERSION = YES_AGGRESSIVE;
				CLANG_CXX_LANGUAGE_STANDARD = "gnu++14";
				CLANG_CXX_LIBRARY = "libc++";
				CLANG_ENABLE_MODULES = YES;
				CLANG_ENABLE_OBJC_ARC = YES;
				CLANG_WARN_BLOCK_CAPTURE_AUTORELEASING = YES;
				CLANG_WARN_BOOL_CONVERSION = YES;
				CLANG_WARN_COMMA = YES;
				CLANG_WARN_CONSTANT_CONVERSION = YES;
				CLANG_WARN_DIRECT_OBJC_ISA_USAGE = YES_ERROR;
				CLANG_WARN_DOCUMENTATION_COMMENTS = YES;
				CLANG_WARN_EMPTY_BODY = YES;
				CLANG_WARN_ENUM_CONVERSION = YES;
				CLANG_WARN_INFINITE_RECURSION = YES;
				CLANG_WARN_INT_CONVERSION = YES;
				CLANG_WARN_NON_LITERAL_NULL_CONVERSION = YES;
				CLANG_WARN_OBJC_LITERAL_CONVERSION = YES;
				CLANG_WARN_OBJC_ROOT_CLASS = YES_ERROR;
				CLANG_WARN_RANGE_LOOP_ANALYSIS = YES;
				CLANG_WARN_STRICT_PROTOTYPES = YES;
				CLANG_WARN_SUSPICIOUS_MOVE = YES;
				CLANG_WARN_UNGUARDED_AVAILABILITY = YES_AGGRESSIVE;
				CLANG_WARN_UNREACHABLE_CODE = YES;
				CLANG_WARN__DUPLICATE_METHOD_MATCH = YES;
				CODE_SIGN_IDENTITY = "iPhone Developer";
				COPY_PHASE_STRIP = NO;
				DEBUG_INFORMATION_FORMAT = "dwarf-with-dsym";
				ENABLE_NS_ASSERTIONS = NO;
				ENABLE_STRICT_OBJC_MSGSEND = YES;
				GCC_C_LANGUAGE_STANDARD = gnu11;
				GCC_NO_COMMON_BLOCKS = YES;
				GCC_WARN_64_TO_32_BIT_CONVERSION = YES;
				GCC_WARN_ABOUT_RETURN_TYPE = YES_ERROR;
				GCC_WARN_UNDECLARED_SELECTOR = YES;
				GCC_WARN_UNINITIALIZED_AUTOS = YES_AGGRESSIVE;
				GCC_WARN_UNUSED_FUNCTION = YES;
				GCC_WARN_UNUSED_VARIABLE = YES;
				IPHONEOS_DEPLOYMENT_TARGET = 11.0;
				MTL_ENABLE_DEBUG_INFO = NO;
				SDKROOT = iphoneos;
				SWIFT_OPTIMIZATION_LEVEL = "-Owholemodule";
				VALIDATE_PRODUCT = YES;
			};
			name = Release;
		};
		6B520B001F81172F004D7A74 /* Debug */ = {
			isa = XCBuildConfiguration;
			buildSettings = {
				ASSETCATALOG_COMPILER_APPICON_NAME = AppIcon;
				CODE_SIGN_STYLE = Automatic;
				INFOPLIST_FILE = KannaTest/Info.plist;
				LD_RUNPATH_SEARCH_PATHS = "$(inherited) @executable_path/Frameworks";
				PRODUCT_BUNDLE_IDENTIFIER = sabazusi.KannaTest;
				PRODUCT_NAME = "$(TARGET_NAME)";
				SWIFT_VERSION = 4.0;
				TARGETED_DEVICE_FAMILY = "1,2";
			};
			name = Debug;
		};
		6B520B011F81172F004D7A74 /* Release */ = {
			isa = XCBuildConfiguration;
			buildSettings = {
				ASSETCATALOG_COMPILER_APPICON_NAME = AppIcon;
				CODE_SIGN_STYLE = Automatic;
				INFOPLIST_FILE = KannaTest/Info.plist;
				LD_RUNPATH_SEARCH_PATHS = "$(inherited) @executable_path/Frameworks";
				PRODUCT_BUNDLE_IDENTIFIER = sabazusi.KannaTest;
				PRODUCT_NAME = "$(TARGET_NAME)";
				SWIFT_VERSION = 4.0;
				TARGETED_DEVICE_FAMILY = "1,2";
			};
			name = Release;
		};
		6B520B031F81172F004D7A74 /* Debug */ = {
			isa = XCBuildConfiguration;
			buildSettings = {
				ALWAYS_EMBED_SWIFT_STANDARD_LIBRARIES = YES;
				BUNDLE_LOADER = "$(TEST_HOST)";
				CODE_SIGN_STYLE = Automatic;
				INFOPLIST_FILE = KannaTestTests/Info.plist;
				LD_RUNPATH_SEARCH_PATHS = "$(inherited) @executable_path/Frameworks @loader_path/Frameworks";
				PRODUCT_BUNDLE_IDENTIFIER = sabazusi.KannaTestTests;
				PRODUCT_NAME = "$(TARGET_NAME)";
				SWIFT_VERSION = 4.0;
				TARGETED_DEVICE_FAMILY = "1,2";
				TEST_HOST = "$(BUILT_PRODUCTS_DIR)/KannaTest.app/KannaTest";
			};
			name = Debug;
		};
		6B520B041F81172F004D7A74 /* Release */ = {
			isa = XCBuildConfiguration;
			buildSettings = {
				ALWAYS_EMBED_SWIFT_STANDARD_LIBRARIES = YES;
				BUNDLE_LOADER = "$(TEST_HOST)";
				CODE_SIGN_STYLE = Automatic;
				INFOPLIST_FILE = KannaTestTests/Info.plist;
				LD_RUNPATH_SEARCH_PATHS = "$(inherited) @executable_path/Frameworks @loader_path/Frameworks";
				PRODUCT_BUNDLE_IDENTIFIER = sabazusi.KannaTestTests;
				PRODUCT_NAME = "$(TARGET_NAME)";
				SWIFT_VERSION = 4.0;
				TARGETED_DEVICE_FAMILY = "1,2";
				TEST_HOST = "$(BUILT_PRODUCTS_DIR)/KannaTest.app/KannaTest";
			};
			name = Release;
		};
		6B520B061F81172F004D7A74 /* Debug */ = {
			isa = XCBuildConfiguration;
			buildSettings = {
				ALWAYS_EMBED_SWIFT_STANDARD_LIBRARIES = YES;
				CODE_SIGN_STYLE = Automatic;
				INFOPLIST_FILE = KannaTestUITests/Info.plist;
				LD_RUNPATH_SEARCH_PATHS = "$(inherited) @executable_path/Frameworks @loader_path/Frameworks";
				PRODUCT_BUNDLE_IDENTIFIER = sabazusi.KannaTestUITests;
				PRODUCT_NAME = "$(TARGET_NAME)";
				SWIFT_VERSION = 4.0;
				TARGETED_DEVICE_FAMILY = "1,2";
				TEST_TARGET_NAME = KannaTest;
			};
			name = Debug;
		};
		6B520B071F81172F004D7A74 /* Release */ = {
			isa = XCBuildConfiguration;
			buildSettings = {
				ALWAYS_EMBED_SWIFT_STANDARD_LIBRARIES = YES;
				CODE_SIGN_STYLE = Automatic;
				INFOPLIST_FILE = KannaTestUITests/Info.plist;
				LD_RUNPATH_SEARCH_PATHS = "$(inherited) @executable_path/Frameworks @loader_path/Frameworks";
				PRODUCT_BUNDLE_IDENTIFIER = sabazusi.KannaTestUITests;
				PRODUCT_NAME = "$(TARGET_NAME)";
				SWIFT_VERSION = 4.0;
				TARGETED_DEVICE_FAMILY = "1,2";
				TEST_TARGET_NAME = KannaTest;
			};
			name = Release;
		};
/* End XCBuildConfiguration section */

/* Begin XCConfigurationList section */
		6B520AD21F81172E004D7A74 /* Build configuration list for PBXProject "KannaTest" */ = {
			isa = XCConfigurationList;
			buildConfigurations = (
				6B520AFD1F81172F004D7A74 /* Debug */,
				6B520AFE1F81172F004D7A74 /* Release */,
			);
			defaultConfigurationIsVisible = 0;
			defaultConfigurationName = Release;
		};
		6B520AFF1F81172F004D7A74 /* Build configuration list for PBXNativeTarget "KannaTest" */ = {
			isa = XCConfigurationList;
			buildConfigurations = (
				6B520B001F81172F004D7A74 /* Debug */,
				6B520B011F81172F004D7A74 /* Release */,
			);
			defaultConfigurationIsVisible = 0;
			defaultConfigurationName = Release;
		};
		6B520B021F81172F004D7A74 /* Build configuration list for PBXNativeTarget "KannaTestTests" */ = {
			isa = XCConfigurationList;
			buildConfigurations = (
				6B520B031F81172F004D7A74 /* Debug */,
				6B520B041F81172F004D7A74 /* Release */,
			);
			defaultConfigurationIsVisible = 0;
			defaultConfigurationName = Release;
		};
		6B520B051F81172F004D7A74 /* Build configuration list for PBXNativeTarget "KannaTestUITests" */ = {
			isa = XCConfigurationList;
			buildConfigurations = (
				6B520B061F81172F004D7A74 /* Debug */,
				6B520B071F81172F004D7A74 /* Release */,
			);
			defaultConfigurationIsVisible = 0;
			defaultConfigurationName = Release;
		};
/* End XCConfigurationList section */
	};
	rootObject = 6B520ACF1F81172E004D7A74 /* Project object */;
}
