// !$*UTF8*$!
{
	archiveVersion = 1;
	classes = {
	};
	objectVersion = 48;
	objects = {

/* Begin PBXBuildFile section */
		6B0000001F811CC40074F63F /* LaunchScreen.storyboard in Resources */ = {isa = PBXBuildFile; fileRef = 6B00FFFE1F811CC40074F63F /* LaunchScreen.storyboard */; };
		6B00000B1F811CC40074F63F /* ScrapingTestTests.swift in Sources */ = {isa = PBXBuildFile; fileRef = 6B00000A1F811CC40074F63F /* ScrapingTestTests.swift */; };
		6B0000161F811CC40074F63F /* ScrapingTestUITests.swift in Sources */ = {isa = PBXBuildFile; fileRef = 6B0000151F811CC40074F63F /* ScrapingTestUITests.swift */; };
		6B00FFF61F811CC40074F63F /* AppDelegate.swift in Sources */ = {isa = PBXBuildFile; fileRef = 6B00FFF51F811CC40074F63F /* AppDelegate.swift */; };
		6B00FFF81F811CC40074F63F /* ViewController.swift in Sources */ = {isa = PBXBuildFile; fileRef = 6B00FFF71F811CC40074F63F /* ViewController.swift */; };
		6B00FFFB1F811CC40074F63F /* Main.storyboard in Resources */ = {isa = PBXBuildFile; fileRef = 6B00FFF91F811CC40074F63F /* Main.storyboard */; };
		6B00FFFD1F811CC40074F63F /* Assets.xcassets in Resources */ = {isa = PBXBuildFile; fileRef = 6B00FFFC1F811CC40074F63F /* Assets.xcassets */; };
		6BAEE85E1F91CA9900870403 /* Kanna.framework in Frameworks */ = {isa = PBXBuildFile; fileRef = 6B3009411F89A5D7003055D4 /* Kanna.framework */; };
		6BAEE85F1F91CA9900870403 /* Kanna.framework in Embed Frameworks */ = {isa = PBXBuildFile; fileRef = 6B3009411F89A5D7003055D4 /* Kanna.framework */; settings = {ATTRIBUTES = (CodeSignOnCopy, RemoveHeadersOnCopy, ); }; };
		6BAEE8621F91CAB400870403 /* Alamofire.framework in Frameworks */ = {isa = PBXBuildFile; fileRef = 6BAEE8611F91CAB400870403 /* Alamofire.framework */; };
		6BAEE8631F91CAB400870403 /* Alamofire.framework in Embed Frameworks */ = {isa = PBXBuildFile; fileRef = 6BAEE8611F91CAB400870403 /* Alamofire.framework */; settings = {ATTRIBUTES = (CodeSignOnCopy, RemoveHeadersOnCopy, ); }; };
/* End PBXBuildFile section */

/* Begin PBXContainerItemProxy section */
		6B0000071F811CC40074F63F /* PBXContainerItemProxy */ = {
			isa = PBXContainerItemProxy;
			containerPortal = 6B00FFEA1F811CC40074F63F /* Project object */;
			proxyType = 1;
			remoteGlobalIDString = 6B00FFF11F811CC40074F63F;
			remoteInfo = ScrapingTest;
		};
		6B0000121F811CC40074F63F /* PBXContainerItemProxy */ = {
			isa = PBXContainerItemProxy;
			containerPortal = 6B00FFEA1F811CC40074F63F /* Project object */;
			proxyType = 1;
			remoteGlobalIDString = 6B00FFF11F811CC40074F63F;
			remoteInfo = ScrapingTest;
		};
		6B30098F1F89A5D7003055D4 /* PBXContainerItemProxy */ = {
			isa = PBXContainerItemProxy;
			containerPortal = 6B30096F1F89A5D7003055D4 /* Kanna.xcodeproj */;
			proxyType = 2;
			remoteGlobalIDString = 1E7ADC331DF4F3FC006E1815;
			remoteInfo = Kanna;
		};
		6B3009911F89A5D7003055D4 /* PBXContainerItemProxy */ = {
			isa = PBXContainerItemProxy;
			containerPortal = 6B30096F1F89A5D7003055D4 /* Kanna.xcodeproj */;
			proxyType = 2;
			remoteGlobalIDString = 1E7ADC3C1DF4F3FC006E1815;
			remoteInfo = Tests;
		};
/* End PBXContainerItemProxy section */

/* Begin PBXCopyFilesBuildPhase section */
		6BAEE8601F91CA9900870403 /* Embed Frameworks */ = {
			isa = PBXCopyFilesBuildPhase;
			buildActionMask = 2147483647;
			dstPath = "";
			dstSubfolderSpec = 10;
			files = (
				6BAEE85F1F91CA9900870403 /* Kanna.framework in Embed Frameworks */,
				6BAEE8631F91CAB400870403 /* Alamofire.framework in Embed Frameworks */,
			);
			name = "Embed Frameworks";
			runOnlyForDeploymentPostprocessing = 0;
		};
/* End PBXCopyFilesBuildPhase section */

/* Begin PBXFileReference section */
		6B0000011F811CC40074F63F /* Info.plist */ = {isa = PBXFileReference; lastKnownFileType = text.plist.xml; path = Info.plist; sourceTree = "<group>"; };
		6B0000061F811CC40074F63F /* ScrapingTestTests.xctest */ = {isa = PBXFileReference; explicitFileType = wrapper.cfbundle; includeInIndex = 0; path = ScrapingTestTests.xctest; sourceTree = BUILT_PRODUCTS_DIR; };
		6B00000A1F811CC40074F63F /* ScrapingTestTests.swift */ = {isa = PBXFileReference; lastKnownFileType = sourcecode.swift; path = ScrapingTestTests.swift; sourceTree = "<group>"; };
		6B00000C1F811CC40074F63F /* Info.plist */ = {isa = PBXFileReference; lastKnownFileType = text.plist.xml; path = Info.plist; sourceTree = "<group>"; };
		6B0000111F811CC40074F63F /* ScrapingTestUITests.xctest */ = {isa = PBXFileReference; explicitFileType = wrapper.cfbundle; includeInIndex = 0; path = ScrapingTestUITests.xctest; sourceTree = BUILT_PRODUCTS_DIR; };
		6B0000151F811CC40074F63F /* ScrapingTestUITests.swift */ = {isa = PBXFileReference; lastKnownFileType = sourcecode.swift; path = ScrapingTestUITests.swift; sourceTree = "<group>"; };
		6B0000171F811CC40074F63F /* Info.plist */ = {isa = PBXFileReference; lastKnownFileType = text.plist.xml; path = Info.plist; sourceTree = "<group>"; };
		6B00FFF21F811CC40074F63F /* ScrapingTest.app */ = {isa = PBXFileReference; explicitFileType = wrapper.application; includeInIndex = 0; path = ScrapingTest.app; sourceTree = BUILT_PRODUCTS_DIR; };
		6B00FFF51F811CC40074F63F /* AppDelegate.swift */ = {isa = PBXFileReference; lastKnownFileType = sourcecode.swift; path = AppDelegate.swift; sourceTree = "<group>"; };
		6B00FFF71F811CC40074F63F /* ViewController.swift */ = {isa = PBXFileReference; lastKnownFileType = sourcecode.swift; path = ViewController.swift; sourceTree = "<group>"; };
		6B00FFFA1F811CC40074F63F /* Base */ = {isa = PBXFileReference; lastKnownFileType = file.storyboard; name = Base; path = Base.lproj/Main.storyboard; sourceTree = "<group>"; };
		6B00FFFC1F811CC40074F63F /* Assets.xcassets */ = {isa = PBXFileReference; lastKnownFileType = folder.assetcatalog; path = Assets.xcassets; sourceTree = "<group>"; };
		6B00FFFF1F811CC40074F63F /* Base */ = {isa = PBXFileReference; lastKnownFileType = file.storyboard; name = Base; path = Base.lproj/LaunchScreen.storyboard; sourceTree = "<group>"; };
		6B08403C1F91C15200D07DFA /* Alamofire.framework */ = {isa = PBXFileReference; lastKnownFileType = wrapper.framework; name = Alamofire.framework; path = Carthage/Build/iOS/Alamofire.framework; sourceTree = "<group>"; };
		6B30093D1F89A5D7003055D4 /* .Kanna.version */ = {isa = PBXFileReference; lastKnownFileType = text; path = .Kanna.version; sourceTree = "<group>"; };
		6B30093F1F89A5D7003055D4 /* 0AD9734E-2F92-3D89-8CCA-C2263552CF19.bcsymbolmap */ = {isa = PBXFileReference; lastKnownFileType = text; path = "0AD9734E-2F92-3D89-8CCA-C2263552CF19.bcsymbolmap"; sourceTree = "<group>"; };
		6B3009401F89A5D7003055D4 /* 3CAA567E-6C73-3FCF-83F6-1DE01ABE4147.bcsymbolmap */ = {isa = PBXFileReference; lastKnownFileType = text; path = "3CAA567E-6C73-3FCF-83F6-1DE01ABE4147.bcsymbolmap"; sourceTree = "<group>"; };
		6B3009411F89A5D7003055D4 /* Kanna.framework */ = {isa = PBXFileReference; lastKnownFileType = wrapper.framework; path = Kanna.framework; sourceTree = "<group>"; };
		6B3009421F89A5D7003055D4 /* Kanna.framework.dSYM */ = {isa = PBXFileReference; lastKnownFileType = wrapper.dsym; path = Kanna.framework.dSYM; sourceTree = "<group>"; };
		6B3009441F89A5D7003055D4 /* Kanna.framework */ = {isa = PBXFileReference; lastKnownFileType = wrapper.framework; path = Kanna.framework; sourceTree = "<group>"; };
		6B3009451F89A5D7003055D4 /* Kanna.framework.dSYM */ = {isa = PBXFileReference; lastKnownFileType = wrapper.dsym; path = Kanna.framework.dSYM; sourceTree = "<group>"; };
		6B3009471F89A5D7003055D4 /* FC486553-A8B6-3E74-8795-039C21F762AB.bcsymbolmap */ = {isa = PBXFileReference; lastKnownFileType = text; path = "FC486553-A8B6-3E74-8795-039C21F762AB.bcsymbolmap"; sourceTree = "<group>"; };
		6B3009481F89A5D7003055D4 /* Kanna.framework */ = {isa = PBXFileReference; lastKnownFileType = wrapper.framework; path = Kanna.framework; sourceTree = "<group>"; };
		6B3009491F89A5D7003055D4 /* Kanna.framework.dSYM */ = {isa = PBXFileReference; lastKnownFileType = wrapper.dsym; path = Kanna.framework.dSYM; sourceTree = "<group>"; };
		6B30094B1F89A5D7003055D4 /* 22E5F4F3-5168-3152-86E0-E5D8FF45C4BB.bcsymbolmap */ = {isa = PBXFileReference; lastKnownFileType = text; path = "22E5F4F3-5168-3152-86E0-E5D8FF45C4BB.bcsymbolmap"; sourceTree = "<group>"; };
		6B30094C1F89A5D7003055D4 /* Kanna.framework */ = {isa = PBXFileReference; lastKnownFileType = wrapper.framework; path = Kanna.framework; sourceTree = "<group>"; };
		6B30094D1F89A5D7003055D4 /* Kanna.framework.dSYM */ = {isa = PBXFileReference; lastKnownFileType = wrapper.dsym; path = Kanna.framework.dSYM; sourceTree = "<group>"; };
		6B3009511F89A5D7003055D4 /* ISSUE_TEMPLATE.md */ = {isa = PBXFileReference; lastKnownFileType = net.daringfireball.markdown; path = ISSUE_TEMPLATE.md; sourceTree = "<group>"; };
		6B3009521F89A5D7003055D4 /* .gitignore */ = {isa = PBXFileReference; lastKnownFileType = text; path = .gitignore; sourceTree = "<group>"; };
		6B3009531F89A5D7003055D4 /* .swift-version */ = {isa = PBXFileReference; lastKnownFileType = text; path = ".swift-version"; sourceTree = "<group>"; };
		6B3009541F89A5D7003055D4 /* .travis.yml */ = {isa = PBXFileReference; lastKnownFileType = text; path = .travis.yml; sourceTree = "<group>"; };
		6B3009571F89A5D7003055D4 /* .Kanna.version */ = {isa = PBXFileReference; lastKnownFileType = text; path = .Kanna.version; sourceTree = "<group>"; };
		6B3009591F89A5D7003055D4 /* 0AD9734E-2F92-3D89-8CCA-C2263552CF19.bcsymbolmap */ = {isa = PBXFileReference; lastKnownFileType = text; path = "0AD9734E-2F92-3D89-8CCA-C2263552CF19.bcsymbolmap"; sourceTree = "<group>"; };
		6B30095A1F89A5D7003055D4 /* 3CAA567E-6C73-3FCF-83F6-1DE01ABE4147.bcsymbolmap */ = {isa = PBXFileReference; lastKnownFileType = text; path = "3CAA567E-6C73-3FCF-83F6-1DE01ABE4147.bcsymbolmap"; sourceTree = "<group>"; };
		6B30095B1F89A5D7003055D4 /* Kanna.framework */ = {isa = PBXFileReference; lastKnownFileType = wrapper.framework; path = Kanna.framework; sourceTree = "<group>"; };
		6B30095C1F89A5D7003055D4 /* Kanna.framework.dSYM */ = {isa = PBXFileReference; lastKnownFileType = wrapper.dsym; path = Kanna.framework.dSYM; sourceTree = "<group>"; };
		6B30095E1F89A5D7003055D4 /* Kanna.framework */ = {isa = PBXFileReference; lastKnownFileType = wrapper.framework; path = Kanna.framework; sourceTree = "<group>"; };
		6B30095F1F89A5D7003055D4 /* Kanna.framework.dSYM */ = {isa = PBXFileReference; lastKnownFileType = wrapper.dsym; path = Kanna.framework.dSYM; sourceTree = "<group>"; };
		6B3009611F89A5D7003055D4 /* FC486553-A8B6-3E74-8795-039C21F762AB.bcsymbolmap */ = {isa = PBXFileReference; lastKnownFileType = text; path = "FC486553-A8B6-3E74-8795-039C21F762AB.bcsymbolmap"; sourceTree = "<group>"; };
		6B3009621F89A5D7003055D4 /* Kanna.framework */ = {isa = PBXFileReference; lastKnownFileType = wrapper.framework; path = Kanna.framework; sourceTree = "<group>"; };
		6B3009631F89A5D7003055D4 /* Kanna.framework.dSYM */ = {isa = PBXFileReference; lastKnownFileType = wrapper.dsym; path = Kanna.framework.dSYM; sourceTree = "<group>"; };
		6B3009651F89A5D7003055D4 /* 22E5F4F3-5168-3152-86E0-E5D8FF45C4BB.bcsymbolmap */ = {isa = PBXFileReference; lastKnownFileType = text; path = "22E5F4F3-5168-3152-86E0-E5D8FF45C4BB.bcsymbolmap"; sourceTree = "<group>"; };
		6B3009661F89A5D7003055D4 /* Kanna.framework */ = {isa = PBXFileReference; lastKnownFileType = wrapper.framework; path = Kanna.framework; sourceTree = "<group>"; };
		6B3009671F89A5D7003055D4 /* Kanna.framework.dSYM */ = {isa = PBXFileReference; lastKnownFileType = wrapper.dsym; path = Kanna.framework.dSYM; sourceTree = "<group>"; };
		6B3009691F89A5D7003055D4 /* Base.xcconfig */ = {isa = PBXFileReference; lastKnownFileType = text.xcconfig; path = Base.xcconfig; sourceTree = "<group>"; };
		6B30096A1F89A5D7003055D4 /* Debug.xcconfig */ = {isa = PBXFileReference; lastKnownFileType = text.xcconfig; path = Debug.xcconfig; sourceTree = "<group>"; };
		6B30096B1F89A5D7003055D4 /* Kanna.xcconfig */ = {isa = PBXFileReference; lastKnownFileType = text.xcconfig; path = Kanna.xcconfig; sourceTree = "<group>"; };
		6B30096C1F89A5D7003055D4 /* Release.xcconfig */ = {isa = PBXFileReference; lastKnownFileType = text.xcconfig; path = Release.xcconfig; sourceTree = "<group>"; };
		6B30096D1F89A5D7003055D4 /* Tests.xcconfig */ = {isa = PBXFileReference; lastKnownFileType = text.xcconfig; path = Tests.xcconfig; sourceTree = "<group>"; };
		6B30096E1F89A5D7003055D4 /* Kanna.podspec */ = {isa = PBXFileReference; lastKnownFileType = text; path = Kanna.podspec; sourceTree = "<group>"; };
		6B30096F1F89A5D7003055D4 /* Kanna.xcodeproj */ = {isa = PBXFileReference; lastKnownFileType = "wrapper.pb-project"; path = Kanna.xcodeproj; sourceTree = "<group>"; };
		6B3009721F89A5D7003055D4 /* LICENSE */ = {isa = PBXFileReference; lastKnownFileType = text; path = LICENSE; sourceTree = "<group>"; };
		6B3009741F89A5D7003055D4 /* libxml2-kanna.h */ = {isa = PBXFileReference; lastKnownFileType = sourcecode.c.h; path = "libxml2-kanna.h"; sourceTree = "<group>"; };
		6B3009751F89A5D7003055D4 /* module.modulemap */ = {isa = PBXFileReference; lastKnownFileType = "sourcecode.module-map"; path = module.modulemap; sourceTree = "<group>"; };
		6B3009761F89A5D7003055D4 /* Package.swift */ = {isa = PBXFileReference; lastKnownFileType = sourcecode.swift; path = Package.swift; sourceTree = "<group>"; };
		6B3009771F89A5D7003055D4 /* README.md */ = {isa = PBXFileReference; lastKnownFileType = net.daringfireball.markdown; path = README.md; sourceTree = "<group>"; };
		6B30097A1F89A5D7003055D4 /* CSS.swift */ = {isa = PBXFileReference; lastKnownFileType = sourcecode.swift; path = CSS.swift; sourceTree = "<group>"; };
		6B30097B1F89A5D7003055D4 /* Info.plist */ = {isa = PBXFileReference; lastKnownFileType = text.plist.xml; path = Info.plist; sourceTree = "<group>"; };
		6B30097C1F89A5D7003055D4 /* Kanna.h */ = {isa = PBXFileReference; lastKnownFileType = sourcecode.c.h; path = Kanna.h; sourceTree = "<group>"; };
		6B30097D1F89A5D7003055D4 /* Kanna.swift */ = {isa = PBXFileReference; lastKnownFileType = sourcecode.swift; path = Kanna.swift; sourceTree = "<group>"; };
		6B30097E1F89A5D7003055D4 /* libxmlHTMLDocument.swift */ = {isa = PBXFileReference; lastKnownFileType = sourcecode.swift; path = libxmlHTMLDocument.swift; sourceTree = "<group>"; };
		6B30097F1F89A5D7003055D4 /* libxmlHTMLNode.swift */ = {isa = PBXFileReference; lastKnownFileType = sourcecode.swift; path = libxmlHTMLNode.swift; sourceTree = "<group>"; };
		6B3009801F89A5D7003055D4 /* libxmlParserOption.swift */ = {isa = PBXFileReference; lastKnownFileType = sourcecode.swift; path = libxmlParserOption.swift; sourceTree = "<group>"; };
		6B3009841F89A5D7003055D4 /* libraries.xml */ = {isa = PBXFileReference; lastKnownFileType = text.xml; path = libraries.xml; sourceTree = "<group>"; };
		6B3009851F89A5D7003055D4 /* sample.html */ = {isa = PBXFileReference; lastKnownFileType = text.html; path = sample.html; sourceTree = "<group>"; };
		6B3009861F89A5D7003055D4 /* test_HTML4.html */ = {isa = PBXFileReference; lastKnownFileType = text.html; path = test_HTML4.html; sourceTree = "<group>"; };
		6B3009871F89A5D7003055D4 /* test_XML_ExcelWorkbook.xml */ = {isa = PBXFileReference; lastKnownFileType = text.xml; path = test_XML_ExcelWorkbook.xml; sourceTree = "<group>"; };
		6B3009881F89A5D7003055D4 /* versions.xml */ = {isa = PBXFileReference; lastKnownFileType = text.xml; path = versions.xml; sourceTree = "<group>"; };
		6B3009891F89A5D7003055D4 /* Info.plist */ = {isa = PBXFileReference; lastKnownFileType = text.plist.xml; path = Info.plist; sourceTree = "<group>"; };
		6B30098A1F89A5D7003055D4 /* KannaTests.swift */ = {isa = PBXFileReference; lastKnownFileType = sourcecode.swift; path = KannaTests.swift; sourceTree = "<group>"; };
		6B30098B1F89A5D7003055D4 /* KannaTutorialsTest.swift */ = {isa = PBXFileReference; lastKnownFileType = sourcecode.swift; path = KannaTutorialsTest.swift; sourceTree = "<group>"; };
		6B30098C1F89A5D7003055D4 /* LinuxMain.swift */ = {isa = PBXFileReference; lastKnownFileType = sourcecode.swift; path = LinuxMain.swift; sourceTree = "<group>"; };
		6BAEE8611F91CAB400870403 /* Alamofire.framework */ = {isa = PBXFileReference; lastKnownFileType = wrapper.framework; name = Alamofire.framework; path = Carthage/Build/iOS/Alamofire.framework; sourceTree = "<group>"; };
/* End PBXFileReference section */

/* Begin PBXFrameworksBuildPhase section */
		6B0000031F811CC40074F63F /* Frameworks */ = {
			isa = PBXFrameworksBuildPhase;
			buildActionMask = 2147483647;
			files = (
			);
			runOnlyForDeploymentPostprocessing = 0;
		};
		6B00000E1F811CC40074F63F /* Frameworks */ = {
			isa = PBXFrameworksBuildPhase;
			buildActionMask = 2147483647;
			files = (
			);
			runOnlyForDeploymentPostprocessing = 0;
		};
		6B00FFEF1F811CC40074F63F /* Frameworks */ = {
			isa = PBXFrameworksBuildPhase;
			buildActionMask = 2147483647;
			files = (
				6BAEE85E1F91CA9900870403 /* Kanna.framework in Frameworks */,
				6BAEE8621F91CAB400870403 /* Alamofire.framework in Frameworks */,
			);
			runOnlyForDeploymentPostprocessing = 0;
		};
/* End PBXFrameworksBuildPhase section */

/* Begin PBXGroup section */
		6B0000091F811CC40074F63F /* ScrapingTestTests */ = {
			isa = PBXGroup;
			children = (
				6B00000A1F811CC40074F63F /* ScrapingTestTests.swift */,
				6B00000C1F811CC40074F63F /* Info.plist */,
			);
			path = ScrapingTestTests;
			sourceTree = "<group>";
		};
		6B0000141F811CC40074F63F /* ScrapingTestUITests */ = {
			isa = PBXGroup;
			children = (
				6B0000151F811CC40074F63F /* ScrapingTestUITests.swift */,
				6B0000171F811CC40074F63F /* Info.plist */,
			);
			path = ScrapingTestUITests;
			sourceTree = "<group>";
		};
		6B00FFE91F811CC40074F63F = {
			isa = PBXGroup;
			children = (
				6BAEE8611F91CAB400870403 /* Alamofire.framework */,
				6B00FFF41F811CC40074F63F /* ScrapingTest */,
				6B0000091F811CC40074F63F /* ScrapingTestTests */,
				6B0000141F811CC40074F63F /* ScrapingTestUITests */,
				6B00FFF31F811CC40074F63F /* Products */,
				6B30093A1F89A5D7003055D4 /* Frameworks */,
			);
			sourceTree = "<group>";
		};
		6B00FFF31F811CC40074F63F /* Products */ = {
			isa = PBXGroup;
			children = (
				6B00FFF21F811CC40074F63F /* ScrapingTest.app */,
				6B0000061F811CC40074F63F /* ScrapingTestTests.xctest */,
				6B0000111F811CC40074F63F /* ScrapingTestUITests.xctest */,
			);
			name = Products;
			sourceTree = "<group>";
		};
		6B00FFF41F811CC40074F63F /* ScrapingTest */ = {
			isa = PBXGroup;
			children = (
				6B00FFF51F811CC40074F63F /* AppDelegate.swift */,
				6B00FFF71F811CC40074F63F /* ViewController.swift */,
				6B00FFF91F811CC40074F63F /* Main.storyboard */,
				6B00FFFC1F811CC40074F63F /* Assets.xcassets */,
				6B00FFFE1F811CC40074F63F /* LaunchScreen.storyboard */,
				6B0000011F811CC40074F63F /* Info.plist */,
			);
			path = ScrapingTest;
			sourceTree = "<group>";
		};
		6B30093A1F89A5D7003055D4 /* Frameworks */ = {
			isa = PBXGroup;
			children = (
				6B08403C1F91C15200D07DFA /* Alamofire.framework */,
				6B30093B1F89A5D7003055D4 /* Carthage */,
			);
			name = Frameworks;
			sourceTree = "<group>";
		};
		6B30093B1F89A5D7003055D4 /* Carthage */ = {
			isa = PBXGroup;
			children = (
				6B30093C1F89A5D7003055D4 /* Build */,
				6B30094E1F89A5D7003055D4 /* Checkouts */,
			);
			path = Carthage;
			sourceTree = "<group>";
		};
		6B30093C1F89A5D7003055D4 /* Build */ = {
			isa = PBXGroup;
			children = (
				6B30093D1F89A5D7003055D4 /* .Kanna.version */,
				6B30093E1F89A5D7003055D4 /* iOS */,
				6B3009431F89A5D7003055D4 /* Mac */,
				6B3009461F89A5D7003055D4 /* tvOS */,
				6B30094A1F89A5D7003055D4 /* watchOS */,
			);
			path = Build;
			sourceTree = "<group>";
		};
		6B30093E1F89A5D7003055D4 /* iOS */ = {
			isa = PBXGroup;
			children = (
				6B30093F1F89A5D7003055D4 /* 0AD9734E-2F92-3D89-8CCA-C2263552CF19.bcsymbolmap */,
				6B3009401F89A5D7003055D4 /* 3CAA567E-6C73-3FCF-83F6-1DE01ABE4147.bcsymbolmap */,
				6B3009411F89A5D7003055D4 /* Kanna.framework */,
				6B3009421F89A5D7003055D4 /* Kanna.framework.dSYM */,
			);
			path = iOS;
			sourceTree = "<group>";
		};
		6B3009431F89A5D7003055D4 /* Mac */ = {
			isa = PBXGroup;
			children = (
				6B3009441F89A5D7003055D4 /* Kanna.framework */,
				6B3009451F89A5D7003055D4 /* Kanna.framework.dSYM */,
			);
			path = Mac;
			sourceTree = "<group>";
		};
		6B3009461F89A5D7003055D4 /* tvOS */ = {
			isa = PBXGroup;
			children = (
				6B3009471F89A5D7003055D4 /* FC486553-A8B6-3E74-8795-039C21F762AB.bcsymbolmap */,
				6B3009481F89A5D7003055D4 /* Kanna.framework */,
				6B3009491F89A5D7003055D4 /* Kanna.framework.dSYM */,
			);
			path = tvOS;
			sourceTree = "<group>";
		};
		6B30094A1F89A5D7003055D4 /* watchOS */ = {
			isa = PBXGroup;
			children = (
				6B30094B1F89A5D7003055D4 /* 22E5F4F3-5168-3152-86E0-E5D8FF45C4BB.bcsymbolmap */,
				6B30094C1F89A5D7003055D4 /* Kanna.framework */,
				6B30094D1F89A5D7003055D4 /* Kanna.framework.dSYM */,
			);
			path = watchOS;
			sourceTree = "<group>";
		};
		6B30094E1F89A5D7003055D4 /* Checkouts */ = {
			isa = PBXGroup;
			children = (
				6B30094F1F89A5D7003055D4 /* Kanna */,
			);
			path = Checkouts;
			sourceTree = "<group>";
		};
		6B30094F1F89A5D7003055D4 /* Kanna */ = {
			isa = PBXGroup;
			children = (
				6B3009501F89A5D7003055D4 /* .github */,
				6B3009521F89A5D7003055D4 /* .gitignore */,
				6B3009531F89A5D7003055D4 /* .swift-version */,
				6B3009541F89A5D7003055D4 /* .travis.yml */,
				6B3009551F89A5D7003055D4 /* Carthage */,
				6B3009681F89A5D7003055D4 /* Configurations */,
				6B30096E1F89A5D7003055D4 /* Kanna.podspec */,
				6B30096F1F89A5D7003055D4 /* Kanna.xcodeproj */,
				6B3009721F89A5D7003055D4 /* LICENSE */,
				6B3009731F89A5D7003055D4 /* Modules */,
				6B3009761F89A5D7003055D4 /* Package.swift */,
				6B3009771F89A5D7003055D4 /* README.md */,
				6B3009781F89A5D7003055D4 /* Sources */,
				6B3009811F89A5D7003055D4 /* Tests */,
			);
			path = Kanna;
			sourceTree = "<group>";
		};
		6B3009501F89A5D7003055D4 /* .github */ = {
			isa = PBXGroup;
			children = (
				6B3009511F89A5D7003055D4 /* ISSUE_TEMPLATE.md */,
			);
			path = .github;
			sourceTree = "<group>";
		};
		6B3009551F89A5D7003055D4 /* Carthage */ = {
			isa = PBXGroup;
			children = (
				6B3009561F89A5D7003055D4 /* Build */,
			);
			path = Carthage;
			sourceTree = "<group>";
		};
		6B3009561F89A5D7003055D4 /* Build */ = {
			isa = PBXGroup;
			children = (
				6B3009571F89A5D7003055D4 /* .Kanna.version */,
				6B3009581F89A5D7003055D4 /* iOS */,
				6B30095D1F89A5D7003055D4 /* Mac */,
				6B3009601F89A5D7003055D4 /* tvOS */,
				6B3009641F89A5D7003055D4 /* watchOS */,
			);
			path = Build;
			sourceTree = "<group>";
		};
		6B3009581F89A5D7003055D4 /* iOS */ = {
			isa = PBXGroup;
			children = (
				6B3009591F89A5D7003055D4 /* 0AD9734E-2F92-3D89-8CCA-C2263552CF19.bcsymbolmap */,
				6B30095A1F89A5D7003055D4 /* 3CAA567E-6C73-3FCF-83F6-1DE01ABE4147.bcsymbolmap */,
				6B30095B1F89A5D7003055D4 /* Kanna.framework */,
				6B30095C1F89A5D7003055D4 /* Kanna.framework.dSYM */,
			);
			path = iOS;
			sourceTree = "<group>";
		};
		6B30095D1F89A5D7003055D4 /* Mac */ = {
			isa = PBXGroup;
			children = (
				6B30095E1F89A5D7003055D4 /* Kanna.framework */,
				6B30095F1F89A5D7003055D4 /* Kanna.framework.dSYM */,
			);
			path = Mac;
			sourceTree = "<group>";
		};
		6B3009601F89A5D7003055D4 /* tvOS */ = {
			isa = PBXGroup;
			children = (
				6B3009611F89A5D7003055D4 /* FC486553-A8B6-3E74-8795-039C21F762AB.bcsymbolmap */,
				6B3009621F89A5D7003055D4 /* Kanna.framework */,
				6B3009631F89A5D7003055D4 /* Kanna.framework.dSYM */,
			);
			path = tvOS;
			sourceTree = "<group>";
		};
		6B3009641F89A5D7003055D4 /* watchOS */ = {
			isa = PBXGroup;
			children = (
				6B3009651F89A5D7003055D4 /* 22E5F4F3-5168-3152-86E0-E5D8FF45C4BB.bcsymbolmap */,
				6B3009661F89A5D7003055D4 /* Kanna.framework */,
				6B3009671F89A5D7003055D4 /* Kanna.framework.dSYM */,
			);
			path = watchOS;
			sourceTree = "<group>";
		};
		6B3009681F89A5D7003055D4 /* Configurations */ = {
			isa = PBXGroup;
			children = (
				6B3009691F89A5D7003055D4 /* Base.xcconfig */,
				6B30096A1F89A5D7003055D4 /* Debug.xcconfig */,
				6B30096B1F89A5D7003055D4 /* Kanna.xcconfig */,
				6B30096C1F89A5D7003055D4 /* Release.xcconfig */,
				6B30096D1F89A5D7003055D4 /* Tests.xcconfig */,
			);
			path = Configurations;
			sourceTree = "<group>";
		};
		6B3009701F89A5D7003055D4 /* Products */ = {
			isa = PBXGroup;
			children = (
				6B3009901F89A5D7003055D4 /* Kanna.framework */,
				6B3009921F89A5D7003055D4 /* Tests.xctest */,
			);
			name = Products;
			sourceTree = "<group>";
		};
		6B3009731F89A5D7003055D4 /* Modules */ = {
			isa = PBXGroup;
			children = (
				6B3009741F89A5D7003055D4 /* libxml2-kanna.h */,
				6B3009751F89A5D7003055D4 /* module.modulemap */,
			);
			path = Modules;
			sourceTree = "<group>";
		};
		6B3009781F89A5D7003055D4 /* Sources */ = {
			isa = PBXGroup;
			children = (
				6B3009791F89A5D7003055D4 /* Kanna */,
			);
			path = Sources;
			sourceTree = "<group>";
		};
		6B3009791F89A5D7003055D4 /* Kanna */ = {
			isa = PBXGroup;
			children = (
				6B30097A1F89A5D7003055D4 /* CSS.swift */,
				6B30097B1F89A5D7003055D4 /* Info.plist */,
				6B30097C1F89A5D7003055D4 /* Kanna.h */,
				6B30097D1F89A5D7003055D4 /* Kanna.swift */,
				6B30097E1F89A5D7003055D4 /* libxmlHTMLDocument.swift */,
				6B30097F1F89A5D7003055D4 /* libxmlHTMLNode.swift */,
				6B3009801F89A5D7003055D4 /* libxmlParserOption.swift */,
			);
			path = Kanna;
			sourceTree = "<group>";
		};
		6B3009811F89A5D7003055D4 /* Tests */ = {
			isa = PBXGroup;
			children = (
				6B3009821F89A5D7003055D4 /* KannaTests */,
				6B30098C1F89A5D7003055D4 /* LinuxMain.swift */,
			);
			path = Tests;
			sourceTree = "<group>";
		};
		6B3009821F89A5D7003055D4 /* KannaTests */ = {
			isa = PBXGroup;
			children = (
				6B3009831F89A5D7003055D4 /* Data */,
				6B3009891F89A5D7003055D4 /* Info.plist */,
				6B30098A1F89A5D7003055D4 /* KannaTests.swift */,
				6B30098B1F89A5D7003055D4 /* KannaTutorialsTest.swift */,
			);
			path = KannaTests;
			sourceTree = "<group>";
		};
		6B3009831F89A5D7003055D4 /* Data */ = {
			isa = PBXGroup;
			children = (
				6B3009841F89A5D7003055D4 /* libraries.xml */,
				6B3009851F89A5D7003055D4 /* sample.html */,
				6B3009861F89A5D7003055D4 /* test_HTML4.html */,
				6B3009871F89A5D7003055D4 /* test_XML_ExcelWorkbook.xml */,
				6B3009881F89A5D7003055D4 /* versions.xml */,
			);
			path = Data;
			sourceTree = "<group>";
		};
/* End PBXGroup section */

/* Begin PBXNativeTarget section */
		6B0000051F811CC40074F63F /* ScrapingTestTests */ = {
			isa = PBXNativeTarget;
			buildConfigurationList = 6B00001D1F811CC40074F63F /* Build configuration list for PBXNativeTarget "ScrapingTestTests" */;
			buildPhases = (
				6B0000021F811CC40074F63F /* Sources */,
				6B0000031F811CC40074F63F /* Frameworks */,
				6B0000041F811CC40074F63F /* Resources */,
			);
			buildRules = (
			);
			dependencies = (
				6B0000081F811CC40074F63F /* PBXTargetDependency */,
			);
			name = ScrapingTestTests;
			productName = ScrapingTestTests;
			productReference = 6B0000061F811CC40074F63F /* ScrapingTestTests.xctest */;
			productType = "com.apple.product-type.bundle.unit-test";
		};
		6B0000101F811CC40074F63F /* ScrapingTestUITests */ = {
			isa = PBXNativeTarget;
			buildConfigurationList = 6B0000201F811CC40074F63F /* Build configuration list for PBXNativeTarget "ScrapingTestUITests" */;
			buildPhases = (
				6B00000D1F811CC40074F63F /* Sources */,
				6B00000E1F811CC40074F63F /* Frameworks */,
				6B00000F1F811CC40074F63F /* Resources */,
			);
			buildRules = (
			);
			dependencies = (
				6B0000131F811CC40074F63F /* PBXTargetDependency */,
			);
			name = ScrapingTestUITests;
			productName = ScrapingTestUITests;
			productReference = 6B0000111F811CC40074F63F /* ScrapingTestUITests.xctest */;
			productType = "com.apple.product-type.bundle.ui-testing";
		};
		6B00FFF11F811CC40074F63F /* ScrapingTest */ = {
			isa = PBXNativeTarget;
			buildConfigurationList = 6B00001A1F811CC40074F63F /* Build configuration list for PBXNativeTarget "ScrapingTest" */;
			buildPhases = (
				6B00FFEE1F811CC40074F63F /* Sources */,
				6B00FFEF1F811CC40074F63F /* Frameworks */,
				6B00FFF01F811CC40074F63F /* Resources */,
				6BAEE8601F91CA9900870403 /* Embed Frameworks */,
			);
			buildRules = (
			);
			dependencies = (
			);
			name = ScrapingTest;
			productName = ScrapingTest;
			productReference = 6B00FFF21F811CC40074F63F /* ScrapingTest.app */;
			productType = "com.apple.product-type.application";
		};
/* End PBXNativeTarget section */

/* Begin PBXProject section */
		6B00FFEA1F811CC40074F63F /* Project object */ = {
			isa = PBXProject;
			attributes = {
				LastSwiftUpdateCheck = 0900;
				LastUpgradeCheck = 0900;
				ORGANIZATIONNAME = sabazusi;
				TargetAttributes = {
					6B0000051F811CC40074F63F = {
						CreatedOnToolsVersion = 9.0;
						ProvisioningStyle = Automatic;
						TestTargetID = 6B00FFF11F811CC40074F63F;
					};
					6B0000101F811CC40074F63F = {
						CreatedOnToolsVersion = 9.0;
						ProvisioningStyle = Automatic;
						TestTargetID = 6B00FFF11F811CC40074F63F;
					};
					6B00FFF11F811CC40074F63F = {
						CreatedOnToolsVersion = 9.0;
						ProvisioningStyle = Automatic;
					};
				};
			};
			buildConfigurationList = 6B00FFED1F811CC40074F63F /* Build configuration list for PBXProject "ScrapingTest" */;
			compatibilityVersion = "Xcode 8.0";
			developmentRegion = en;
			hasScannedForEncodings = 0;
			knownRegions = (
				en,
				Base,
			);
			mainGroup = 6B00FFE91F811CC40074F63F;
			productRefGroup = 6B00FFF31F811CC40074F63F /* Products */;
			projectDirPath = "";
			projectReferences = (
				{
					ProductGroup = 6B3009701F89A5D7003055D4 /* Products */;
					ProjectRef = 6B30096F1F89A5D7003055D4 /* Kanna.xcodeproj */;
				},
			);
			projectRoot = "";
			targets = (
				6B00FFF11F811CC40074F63F /* ScrapingTest */,
				6B0000051F811CC40074F63F /* ScrapingTestTests */,
				6B0000101F811CC40074F63F /* ScrapingTestUITests */,
			);
		};
/* End PBXProject section */

/* Begin PBXReferenceProxy section */
		6B3009901F89A5D7003055D4 /* Kanna.framework */ = {
			isa = PBXReferenceProxy;
			fileType = wrapper.framework;
			path = Kanna.framework;
			remoteRef = 6B30098F1F89A5D7003055D4 /* PBXContainerItemProxy */;
			sourceTree = BUILT_PRODUCTS_DIR;
		};
		6B3009921F89A5D7003055D4 /* Tests.xctest */ = {
			isa = PBXReferenceProxy;
			fileType = wrapper.cfbundle;
			path = Tests.xctest;
			remoteRef = 6B3009911F89A5D7003055D4 /* PBXContainerItemProxy */;
			sourceTree = BUILT_PRODUCTS_DIR;
		};
/* End PBXReferenceProxy section */

/* Begin PBXResourcesBuildPhase section */
		6B0000041F811CC40074F63F /* Resources */ = {
			isa = PBXResourcesBuildPhase;
			buildActionMask = 2147483647;
			files = (
			);
			runOnlyForDeploymentPostprocessing = 0;
		};
		6B00000F1F811CC40074F63F /* Resources */ = {
			isa = PBXResourcesBuildPhase;
			buildActionMask = 2147483647;
			files = (
			);
			runOnlyForDeploymentPostprocessing = 0;
		};
		6B00FFF01F811CC40074F63F /* Resources */ = {
			isa = PBXResourcesBuildPhase;
			buildActionMask = 2147483647;
			files = (
				6B0000001F811CC40074F63F /* LaunchScreen.storyboard in Resources */,
				6B00FFFD1F811CC40074F63F /* Assets.xcassets in Resources */,
				6B00FFFB1F811CC40074F63F /* Main.storyboard in Resources */,
			);
			runOnlyForDeploymentPostprocessing = 0;
		};
/* End PBXResourcesBuildPhase section */

/* Begin PBXSourcesBuildPhase section */
		6B0000021F811CC40074F63F /* Sources */ = {
			isa = PBXSourcesBuildPhase;
			buildActionMask = 2147483647;
			files = (
				6B00000B1F811CC40074F63F /* ScrapingTestTests.swift in Sources */,
			);
			runOnlyForDeploymentPostprocessing = 0;
		};
		6B00000D1F811CC40074F63F /* Sources */ = {
			isa = PBXSourcesBuildPhase;
			buildActionMask = 2147483647;
			files = (
				6B0000161F811CC40074F63F /* ScrapingTestUITests.swift in Sources */,
			);
			runOnlyForDeploymentPostprocessing = 0;
		};
		6B00FFEE1F811CC40074F63F /* Sources */ = {
			isa = PBXSourcesBuildPhase;
			buildActionMask = 2147483647;
			files = (
				6B00FFF81F811CC40074F63F /* ViewController.swift in Sources */,
				6B00FFF61F811CC40074F63F /* AppDelegate.swift in Sources */,
			);
			runOnlyForDeploymentPostprocessing = 0;
		};
/* End PBXSourcesBuildPhase section */

/* Begin PBXTargetDependency section */
		6B0000081F811CC40074F63F /* PBXTargetDependency */ = {
			isa = PBXTargetDependency;
			target = 6B00FFF11F811CC40074F63F /* ScrapingTest */;
			targetProxy = 6B0000071F811CC40074F63F /* PBXContainerItemProxy */;
		};
		6B0000131F811CC40074F63F /* PBXTargetDependency */ = {
			isa = PBXTargetDependency;
			target = 6B00FFF11F811CC40074F63F /* ScrapingTest */;
			targetProxy = 6B0000121F811CC40074F63F /* PBXContainerItemProxy */;
		};
/* End PBXTargetDependency section */

/* Begin PBXVariantGroup section */
		6B00FFF91F811CC40074F63F /* Main.storyboard */ = {
			isa = PBXVariantGroup;
			children = (
				6B00FFFA1F811CC40074F63F /* Base */,
			);
			name = Main.storyboard;
			sourceTree = "<group>";
		};
		6B00FFFE1F811CC40074F63F /* LaunchScreen.storyboard */ = {
			isa = PBXVariantGroup;
			children = (
				6B00FFFF1F811CC40074F63F /* Base */,
			);
			name = LaunchScreen.storyboard;
			sourceTree = "<group>";
		};
/* End PBXVariantGroup section */

/* Begin XCBuildConfiguration section */
		6B0000181F811CC40074F63F /* Debug */ = {
			isa = XCBuildConfiguration;
			buildSettings = {
				ALWAYS_SEARCH_USER_PATHS = NO;
				CLANG_ANALYZER_NONNULL = YES;
				CLANG_ANALYZER_NUMBER_OBJECT_CONVERSION = YES_AGGRESSIVE;
				CLANG_CXX_LANGUAGE_STANDARD = "gnu++14";
				CLANG_CXX_LIBRARY = "libc++";
				CLANG_ENABLE_MODULES = YES;
				CLANG_ENABLE_OBJC_ARC = YES;
				CLANG_WARN_BLOCK_CAPTURE_AUTORELEASING = YES;
				CLANG_WARN_BOOL_CONVERSION = YES;
				CLANG_WARN_COMMA = YES;
				CLANG_WARN_CONSTANT_CONVERSION = YES;
				CLANG_WARN_DIRECT_OBJC_ISA_USAGE = YES_ERROR;
				CLANG_WARN_DOCUMENTATION_COMMENTS = YES;
				CLANG_WARN_EMPTY_BODY = YES;
				CLANG_WARN_ENUM_CONVERSION = YES;
				CLANG_WARN_INFINITE_RECURSION = YES;
				CLANG_WARN_INT_CONVERSION = YES;
				CLANG_WARN_NON_LITERAL_NULL_CONVERSION = YES;
				CLANG_WARN_OBJC_LITERAL_CONVERSION = YES;
				CLANG_WARN_OBJC_ROOT_CLASS = YES_ERROR;
				CLANG_WARN_RANGE_LOOP_ANALYSIS = YES;
				CLANG_WARN_STRICT_PROTOTYPES = YES;
				CLANG_WARN_SUSPICIOUS_MOVE = YES;
				CLANG_WARN_UNGUARDED_AVAILABILITY = YES_AGGRESSIVE;
				CLANG_WARN_UNREACHABLE_CODE = YES;
				CLANG_WARN__DUPLICATE_METHOD_MATCH = YES;
				CODE_SIGN_IDENTITY = "iPhone Developer";
				COPY_PHASE_STRIP = NO;
				DEBUG_INFORMATION_FORMAT = dwarf;
				ENABLE_STRICT_OBJC_MSGSEND = YES;
				ENABLE_TESTABILITY = YES;
				GCC_C_LANGUAGE_STANDARD = gnu11;
				GCC_DYNAMIC_NO_PIC = NO;
				GCC_NO_COMMON_BLOCKS = YES;
				GCC_OPTIMIZATION_LEVEL = 0;
				GCC_PREPROCESSOR_DEFINITIONS = (
					"DEBUG=1",
					"$(inherited)",
				);
				GCC_WARN_64_TO_32_BIT_CONVERSION = YES;
				GCC_WARN_ABOUT_RETURN_TYPE = YES_ERROR;
				GCC_WARN_UNDECLARED_SELECTOR = YES;
				GCC_WARN_UNINITIALIZED_AUTOS = YES_AGGRESSIVE;
				GCC_WARN_UNUSED_FUNCTION = YES;
				GCC_WARN_UNUSED_VARIABLE = YES;
				IPHONEOS_DEPLOYMENT_TARGET = 11.0;
				MTL_ENABLE_DEBUG_INFO = YES;
				ONLY_ACTIVE_ARCH = YES;
				SDKROOT = iphoneos;
				SWIFT_ACTIVE_COMPILATION_CONDITIONS = DEBUG;
				SWIFT_OPTIMIZATION_LEVEL = "-Onone";
			};
			name = Debug;
		};
		6B0000191F811CC40074F63F /* Release */ = {
			isa = XCBuildConfiguration;
			buildSettings = {
				ALWAYS_SEARCH_USER_PATHS = NO;
				CLANG_ANALYZER_NONNULL = YES;
				CLANG_ANALYZER_NUMBER_OBJECT_CONVERSION = YES_AGGRESSIVE;
				CLANG_CXX_LANGUAGE_STANDARD = "gnu++14";
				CLANG_CXX_LIBRARY = "libc++";
				CLANG_ENABLE_MODULES = YES;
				CLANG_ENABLE_OBJC_ARC = YES;
				CLANG_WARN_BLOCK_CAPTURE_AUTORELEASING = YES;
				CLANG_WARN_BOOL_CONVERSION = YES;
				CLANG_WARN_COMMA = YES;
				CLANG_WARN_CONSTANT_CONVERSION = YES;
				CLANG_WARN_DIRECT_OBJC_ISA_USAGE = YES_ERROR;
				CLANG_WARN_DOCUMENTATION_COMMENTS = YES;
				CLANG_WARN_EMPTY_BODY = YES;
				CLANG_WARN_ENUM_CONVERSION = YES;
				CLANG_WARN_INFINITE_RECURSION = YES;
				CLANG_WARN_INT_CONVERSION = YES;
				CLANG_WARN_NON_LITERAL_NULL_CONVERSION = YES;
				CLANG_WARN_OBJC_LITERAL_CONVERSION = YES;
				CLANG_WARN_OBJC_ROOT_CLASS = YES_ERROR;
				CLANG_WARN_RANGE_LOOP_ANALYSIS = YES;
				CLANG_WARN_STRICT_PROTOTYPES = YES;
				CLANG_WARN_SUSPICIOUS_MOVE = YES;
				CLANG_WARN_UNGUARDED_AVAILABILITY = YES_AGGRESSIVE;
				CLANG_WARN_UNREACHABLE_CODE = YES;
				CLANG_WARN__DUPLICATE_METHOD_MATCH = YES;
				CODE_SIGN_IDENTITY = "iPhone Developer";
				COPY_PHASE_STRIP = NO;
				DEBUG_INFORMATION_FORMAT = "dwarf-with-dsym";
				ENABLE_NS_ASSERTIONS = NO;
				ENABLE_STRICT_OBJC_MSGSEND = YES;
				GCC_C_LANGUAGE_STANDARD = gnu11;
				GCC_NO_COMMON_BLOCKS = YES;
				GCC_WARN_64_TO_32_BIT_CONVERSION = YES;
				GCC_WARN_ABOUT_RETURN_TYPE = YES_ERROR;
				GCC_WARN_UNDECLARED_SELECTOR = YES;
				GCC_WARN_UNINITIALIZED_AUTOS = YES_AGGRESSIVE;
				GCC_WARN_UNUSED_FUNCTION = YES;
				GCC_WARN_UNUSED_VARIABLE = YES;
				IPHONEOS_DEPLOYMENT_TARGET = 11.0;
				MTL_ENABLE_DEBUG_INFO = NO;
				SDKROOT = iphoneos;
				SWIFT_OPTIMIZATION_LEVEL = "-Owholemodule";
				VALIDATE_PRODUCT = YES;
			};
			name = Release;
		};
		6B00001B1F811CC40074F63F /* Debug */ = {
			isa = XCBuildConfiguration;
			buildSettings = {
				ASSETCATALOG_COMPILER_APPICON_NAME = AppIcon;
				CODE_SIGN_STYLE = Automatic;
				DEVELOPMENT_TEAM = HGL27T94FW;
				FRAMEWORK_SEARCH_PATHS = (
					"$(inherited)",
					"$(PROJECT_DIR)/Carthage/Build/iOS",
				);
				HEADER_SEARCH_PATHS = "$(SDKROOT)/usr/include/libxml2";
				INFOPLIST_FILE = ScrapingTest/Info.plist;
				LD_RUNPATH_SEARCH_PATHS = "$(inherited) @executable_path/Frameworks";
				PRODUCT_BUNDLE_IDENTIFIER = sabazusi.ScrapingTest;
				PRODUCT_NAME = "$(TARGET_NAME)";
				SWIFT_VERSION = 3.0;
				TARGETED_DEVICE_FAMILY = "1,2";
			};
			name = Debug;
		};
		6B00001C1F811CC40074F63F /* Release */ = {
			isa = XCBuildConfiguration;
			buildSettings = {
				ASSETCATALOG_COMPILER_APPICON_NAME = AppIcon;
				CODE_SIGN_STYLE = Automatic;
				DEVELOPMENT_TEAM = HGL27T94FW;
				FRAMEWORK_SEARCH_PATHS = (
					"$(inherited)",
					"$(PROJECT_DIR)/Carthage/Build/iOS",
				);
				HEADER_SEARCH_PATHS = "$(SDKROOT)/usr/include/libxml2";
				INFOPLIST_FILE = ScrapingTest/Info.plist;
				LD_RUNPATH_SEARCH_PATHS = "$(inherited) @executable_path/Frameworks";
				PRODUCT_BUNDLE_IDENTIFIER = sabazusi.ScrapingTest;
				PRODUCT_NAME = "$(TARGET_NAME)";
				SWIFT_VERSION = 3.0;
				TARGETED_DEVICE_FAMILY = "1,2";
			};
			name = Release;
		};
		6B00001E1F811CC40074F63F /* Debug */ = {
			isa = XCBuildConfiguration;
			buildSettings = {
				ALWAYS_EMBED_SWIFT_STANDARD_LIBRARIES = YES;
				BUNDLE_LOADER = "$(TEST_HOST)";
				CODE_SIGN_STYLE = Automatic;
				INFOPLIST_FILE = ScrapingTestTests/Info.plist;
				LD_RUNPATH_SEARCH_PATHS = "$(inherited) @executable_path/Frameworks @loader_path/Frameworks";
				PRODUCT_BUNDLE_IDENTIFIER = sabazusi.ScrapingTestTests;
				PRODUCT_NAME = "$(TARGET_NAME)";
				SWIFT_VERSION = 4.0;
				TARGETED_DEVICE_FAMILY = "1,2";
				TEST_HOST = "$(BUILT_PRODUCTS_DIR)/ScrapingTest.app/ScrapingTest";
			};
			name = Debug;
		};
		6B00001F1F811CC40074F63F /* Release */ = {
			isa = XCBuildConfiguration;
			buildSettings = {
				ALWAYS_EMBED_SWIFT_STANDARD_LIBRARIES = YES;
				BUNDLE_LOADER = "$(TEST_HOST)";
				CODE_SIGN_STYLE = Automatic;
				INFOPLIST_FILE = ScrapingTestTests/Info.plist;
				LD_RUNPATH_SEARCH_PATHS = "$(inherited) @executable_path/Frameworks @loader_path/Frameworks";
				PRODUCT_BUNDLE_IDENTIFIER = sabazusi.ScrapingTestTests;
				PRODUCT_NAME = "$(TARGET_NAME)";
				SWIFT_VERSION = 4.0;
				TARGETED_DEVICE_FAMILY = "1,2";
				TEST_HOST = "$(BUILT_PRODUCTS_DIR)/ScrapingTest.app/ScrapingTest";
			};
			name = Release;
		};
		6B0000211F811CC40074F63F /* Debug */ = {
			isa = XCBuildConfiguration;
			buildSettings = {
				ALWAYS_EMBED_SWIFT_STANDARD_LIBRARIES = YES;
				CODE_SIGN_STYLE = Automatic;
				INFOPLIST_FILE = ScrapingTestUITests/Info.plist;
				LD_RUNPATH_SEARCH_PATHS = "$(inherited) @executable_path/Frameworks @loader_path/Frameworks";
				PRODUCT_BUNDLE_IDENTIFIER = sabazusi.ScrapingTestUITests;
				PRODUCT_NAME = "$(TARGET_NAME)";
				SWIFT_VERSION = 4.0;
				TARGETED_DEVICE_FAMILY = "1,2";
				TEST_TARGET_NAME = ScrapingTest;
			};
			name = Debug;
		};
		6B0000221F811CC40074F63F /* Release */ = {
			isa = XCBuildConfiguration;
			buildSettings = {
				ALWAYS_EMBED_SWIFT_STANDARD_LIBRARIES = YES;
				CODE_SIGN_STYLE = Automatic;
				INFOPLIST_FILE = ScrapingTestUITests/Info.plist;
				LD_RUNPATH_SEARCH_PATHS = "$(inherited) @executable_path/Frameworks @loader_path/Frameworks";
				PRODUCT_BUNDLE_IDENTIFIER = sabazusi.ScrapingTestUITests;
				PRODUCT_NAME = "$(TARGET_NAME)";
				SWIFT_VERSION = 4.0;
				TARGETED_DEVICE_FAMILY = "1,2";
				TEST_TARGET_NAME = ScrapingTest;
			};
			name = Release;
		};
/* End XCBuildConfiguration section */

/* Begin XCConfigurationList section */
		6B00001A1F811CC40074F63F /* Build configuration list for PBXNativeTarget "ScrapingTest" */ = {
			isa = XCConfigurationList;
			buildConfigurations = (
				6B00001B1F811CC40074F63F /* Debug */,
				6B00001C1F811CC40074F63F /* Release */,
			);
			defaultConfigurationIsVisible = 0;
			defaultConfigurationName = Release;
		};
		6B00001D1F811CC40074F63F /* Build configuration list for PBXNativeTarget "ScrapingTestTests" */ = {
			isa = XCConfigurationList;
			buildConfigurations = (
				6B00001E1F811CC40074F63F /* Debug */,
				6B00001F1F811CC40074F63F /* Release */,
			);
			defaultConfigurationIsVisible = 0;
			defaultConfigurationName = Release;
		};
		6B0000201F811CC40074F63F /* Build configuration list for PBXNativeTarget "ScrapingTestUITests" */ = {
			isa = XCConfigurationList;
			buildConfigurations = (
				6B0000211F811CC40074F63F /* Debug */,
				6B0000221F811CC40074F63F /* Release */,
			);
			defaultConfigurationIsVisible = 0;
			defaultConfigurationName = Release;
		};
		6B00FFED1F811CC40074F63F /* Build configuration list for PBXProject "ScrapingTest" */ = {
			isa = XCConfigurationList;
			buildConfigurations = (
				6B0000181F811CC40074F63F /* Debug */,
				6B0000191F811CC40074F63F /* Release */,
			);
			defaultConfigurationIsVisible = 0;
			defaultConfigurationName = Release;
		};
/* End XCConfigurationList section */
	};
	rootObject = 6B00FFEA1F811CC40074F63F /* Project object */;
}
