// !$*UTF8*$!
{
	archiveVersion = 1;
	classes = {
	};
	objectVersion = 46;
	objects = {

/* Begin PBXBuildFile section */
		0F4549D17B36293ED253AC61 /* Pods_ImageBoard.framework in Frameworks */ = {isa = PBXBuildFile; fileRef = 1210039BC7E4ACE42A557C07 /* Pods_ImageBoard.framework */; };
		39DE36171E165AE400D13150 /* AppDelegate.swift in Sources */ = {isa = PBXBuildFile; fileRef = 39DE36161E165AE400D13150 /* AppDelegate.swift */; };
		39DE36191E165AE400D13150 /* ViewController.swift in Sources */ = {isa = PBXBuildFile; fileRef = 39DE36181E165AE400D13150 /* ViewController.swift */; };
		39DE361C1E165AE400D13150 /* Main.storyboard in Resources */ = {isa = PBXBuildFile; fileRef = 39DE361A1E165AE400D13150 /* Main.storyboard */; };
		39DE361E1E165AE400D13150 /* Assets.xcassets in Resources */ = {isa = PBXBuildFile; fileRef = 39DE361D1E165AE400D13150 /* Assets.xcassets */; };
		39DE36211E165AE400D13150 /* LaunchScreen.storyboard in Resources */ = {isa = PBXBuildFile; fileRef = 39DE361F1E165AE400D13150 /* LaunchScreen.storyboard */; };
		39DE362C1E165AE400D13150 /* ImageBoardTests.swift in Sources */ = {isa = PBXBuildFile; fileRef = 39DE362B1E165AE400D13150 /* ImageBoardTests.swift */; };
		39DE36371E165AE400D13150 /* ImageBoardUITests.swift in Sources */ = {isa = PBXBuildFile; fileRef = 39DE36361E165AE400D13150 /* ImageBoardUITests.swift */; };
		A8EC162B1FDFAF4C257B4535 /* Pods_ImageBoardUITests.framework in Frameworks */ = {isa = PBXBuildFile; fileRef = 239F17FDB32BCFE821FAA56D /* Pods_ImageBoardUITests.framework */; };
		E9C1A3AE4180B15BA10F448F /* Pods_ImageBoardTests.framework in Frameworks */ = {isa = PBXBuildFile; fileRef = 56081AF0B87FCC7BBB8E8BB5 /* Pods_ImageBoardTests.framework */; };
/* End PBXBuildFile section */

/* Begin PBXContainerItemProxy section */
		39DE36281E165AE400D13150 /* PBXContainerItemProxy */ = {
			isa = PBXContainerItemProxy;
			containerPortal = 39DE360B1E165AE400D13150 /* Project object */;
			proxyType = 1;
			remoteGlobalIDString = 39DE36121E165AE400D13150;
			remoteInfo = ImageBoard;
		};
		39DE36331E165AE400D13150 /* PBXContainerItemProxy */ = {
			isa = PBXContainerItemProxy;
			containerPortal = 39DE360B1E165AE400D13150 /* Project object */;
			proxyType = 1;
			remoteGlobalIDString = 39DE36121E165AE400D13150;
			remoteInfo = ImageBoard;
		};
/* End PBXContainerItemProxy section */

/* Begin PBXFileReference section */
		1210039BC7E4ACE42A557C07 /* Pods_ImageBoard.framework */ = {isa = PBXFileReference; explicitFileType = wrapper.framework; includeInIndex = 0; path = Pods_ImageBoard.framework; sourceTree = BUILT_PRODUCTS_DIR; };
		1DDDE2302D7C2376B4DDAB15 /* Pods-ImageBoardUITests.release.xcconfig */ = {isa = PBXFileReference; includeInIndex = 1; lastKnownFileType = text.xcconfig; name = "Pods-ImageBoardUITests.release.xcconfig"; path = "Pods/Target Support Files/Pods-ImageBoardUITests/Pods-ImageBoardUITests.release.xcconfig"; sourceTree = "<group>"; };
		239F17FDB32BCFE821FAA56D /* Pods_ImageBoardUITests.framework */ = {isa = PBXFileReference; explicitFileType = wrapper.framework; includeInIndex = 0; path = Pods_ImageBoardUITests.framework; sourceTree = BUILT_PRODUCTS_DIR; };
		39DE36131E165AE400D13150 /* ImageBoard.app */ = {isa = PBXFileReference; explicitFileType = wrapper.application; includeInIndex = 0; path = ImageBoard.app; sourceTree = BUILT_PRODUCTS_DIR; };
		39DE36161E165AE400D13150 /* AppDelegate.swift */ = {isa = PBXFileReference; lastKnownFileType = sourcecode.swift; path = AppDelegate.swift; sourceTree = "<group>"; };
		39DE36181E165AE400D13150 /* ViewController.swift */ = {isa = PBXFileReference; lastKnownFileType = sourcecode.swift; path = ViewController.swift; sourceTree = "<group>"; };
		39DE361B1E165AE400D13150 /* Base */ = {isa = PBXFileReference; lastKnownFileType = file.storyboard; name = Base; path = Base.lproj/Main.storyboard; sourceTree = "<group>"; };
		39DE361D1E165AE400D13150 /* Assets.xcassets */ = {isa = PBXFileReference; lastKnownFileType = folder.assetcatalog; path = Assets.xcassets; sourceTree = "<group>"; };
		39DE36201E165AE400D13150 /* Base */ = {isa = PBXFileReference; lastKnownFileType = file.storyboard; name = Base; path = Base.lproj/LaunchScreen.storyboard; sourceTree = "<group>"; };
		39DE36221E165AE400D13150 /* Info.plist */ = {isa = PBXFileReference; lastKnownFileType = text.plist.xml; path = Info.plist; sourceTree = "<group>"; };
		39DE36271E165AE400D13150 /* ImageBoardTests.xctest */ = {isa = PBXFileReference; explicitFileType = wrapper.cfbundle; includeInIndex = 0; path = ImageBoardTests.xctest; sourceTree = BUILT_PRODUCTS_DIR; };
		39DE362B1E165AE400D13150 /* ImageBoardTests.swift */ = {isa = PBXFileReference; lastKnownFileType = sourcecode.swift; path = ImageBoardTests.swift; sourceTree = "<group>"; };
		39DE362D1E165AE400D13150 /* Info.plist */ = {isa = PBXFileReference; lastKnownFileType = text.plist.xml; path = Info.plist; sourceTree = "<group>"; };
		39DE36321E165AE400D13150 /* ImageBoardUITests.xctest */ = {isa = PBXFileReference; explicitFileType = wrapper.cfbundle; includeInIndex = 0; path = ImageBoardUITests.xctest; sourceTree = BUILT_PRODUCTS_DIR; };
		39DE36361E165AE400D13150 /* ImageBoardUITests.swift */ = {isa = PBXFileReference; lastKnownFileType = sourcecode.swift; path = ImageBoardUITests.swift; sourceTree = "<group>"; };
		39DE36381E165AE400D13150 /* Info.plist */ = {isa = PBXFileReference; lastKnownFileType = text.plist.xml; path = Info.plist; sourceTree = "<group>"; };
		56081AF0B87FCC7BBB8E8BB5 /* Pods_ImageBoardTests.framework */ = {isa = PBXFileReference; explicitFileType = wrapper.framework; includeInIndex = 0; path = Pods_ImageBoardTests.framework; sourceTree = BUILT_PRODUCTS_DIR; };
		684A0B4AF78E9CAF562FB3E9 /* Pods-ImageBoard.debug.xcconfig */ = {isa = PBXFileReference; includeInIndex = 1; lastKnownFileType = text.xcconfig; name = "Pods-ImageBoard.debug.xcconfig"; path = "Pods/Target Support Files/Pods-ImageBoard/Pods-ImageBoard.debug.xcconfig"; sourceTree = "<group>"; };
		85ECDC8EDC5230D9DCC0BE79 /* Pods-ImageBoardTests.debug.xcconfig */ = {isa = PBXFileReference; includeInIndex = 1; lastKnownFileType = text.xcconfig; name = "Pods-ImageBoardTests.debug.xcconfig"; path = "Pods/Target Support Files/Pods-ImageBoardTests/Pods-ImageBoardTests.debug.xcconfig"; sourceTree = "<group>"; };
		9EF761F08B43C2D271F3523A /* Pods-ImageBoardTests.release.xcconfig */ = {isa = PBXFileReference; includeInIndex = 1; lastKnownFileType = text.xcconfig; name = "Pods-ImageBoardTests.release.xcconfig"; path = "Pods/Target Support Files/Pods-ImageBoardTests/Pods-ImageBoardTests.release.xcconfig"; sourceTree = "<group>"; };
		C011AAE74CAF937D558C69EF /* Pods-ImageBoardUITests.debug.xcconfig */ = {isa = PBXFileReference; includeInIndex = 1; lastKnownFileType = text.xcconfig; name = "Pods-ImageBoardUITests.debug.xcconfig"; path = "Pods/Target Support Files/Pods-ImageBoardUITests/Pods-ImageBoardUITests.debug.xcconfig"; sourceTree = "<group>"; };
		C2DAAB8A27151B4CB7D8E5B7 /* Pods-ImageBoard.release.xcconfig */ = {isa = PBXFileReference; includeInIndex = 1; lastKnownFileType = text.xcconfig; name = "Pods-ImageBoard.release.xcconfig"; path = "Pods/Target Support Files/Pods-ImageBoard/Pods-ImageBoard.release.xcconfig"; sourceTree = "<group>"; };
/* End PBXFileReference section */

/* Begin PBXFrameworksBuildPhase section */
		39DE36101E165AE400D13150 /* Frameworks */ = {
			isa = PBXFrameworksBuildPhase;
			buildActionMask = 2147483647;
			files = (
				0F4549D17B36293ED253AC61 /* Pods_ImageBoard.framework in Frameworks */,
			);
			runOnlyForDeploymentPostprocessing = 0;
		};
		39DE36241E165AE400D13150 /* Frameworks */ = {
			isa = PBXFrameworksBuildPhase;
			buildActionMask = 2147483647;
			files = (
				E9C1A3AE4180B15BA10F448F /* Pods_ImageBoardTests.framework in Frameworks */,
			);
			runOnlyForDeploymentPostprocessing = 0;
		};
		39DE362F1E165AE400D13150 /* Frameworks */ = {
			isa = PBXFrameworksBuildPhase;
			buildActionMask = 2147483647;
			files = (
				A8EC162B1FDFAF4C257B4535 /* Pods_ImageBoardUITests.framework in Frameworks */,
			);
			runOnlyForDeploymentPostprocessing = 0;
		};
/* End PBXFrameworksBuildPhase section */

/* Begin PBXGroup section */
		39DE360A1E165AE400D13150 = {
			isa = PBXGroup;
			children = (
				39DE36151E165AE400D13150 /* ImageBoard */,
				39DE362A1E165AE400D13150 /* ImageBoardTests */,
				39DE36351E165AE400D13150 /* ImageBoardUITests */,
				39DE36141E165AE400D13150 /* Products */,
				C7E1D2E231079D14E5576E39 /* Pods */,
				CD674540EDCDC685C5473369 /* Frameworks */,
			);
			sourceTree = "<group>";
		};
		39DE36141E165AE400D13150 /* Products */ = {
			isa = PBXGroup;
			children = (
				39DE36131E165AE400D13150 /* ImageBoard.app */,
				39DE36271E165AE400D13150 /* ImageBoardTests.xctest */,
				39DE36321E165AE400D13150 /* ImageBoardUITests.xctest */,
			);
			name = Products;
			sourceTree = "<group>";
		};
		39DE36151E165AE400D13150 /* ImageBoard */ = {
			isa = PBXGroup;
			children = (
				39DE36161E165AE400D13150 /* AppDelegate.swift */,
				39DE36181E165AE400D13150 /* ViewController.swift */,
				39DE361A1E165AE400D13150 /* Main.storyboard */,
				39DE361D1E165AE400D13150 /* Assets.xcassets */,
				39DE361F1E165AE400D13150 /* LaunchScreen.storyboard */,
				39DE36221E165AE400D13150 /* Info.plist */,
			);
			path = ImageBoard;
			sourceTree = "<group>";
		};
		39DE362A1E165AE400D13150 /* ImageBoardTests */ = {
			isa = PBXGroup;
			children = (
				39DE362B1E165AE400D13150 /* ImageBoardTests.swift */,
				39DE362D1E165AE400D13150 /* Info.plist */,
			);
			path = ImageBoardTests;
			sourceTree = "<group>";
		};
		39DE36351E165AE400D13150 /* ImageBoardUITests */ = {
			isa = PBXGroup;
			children = (
				39DE36361E165AE400D13150 /* ImageBoardUITests.swift */,
				39DE36381E165AE400D13150 /* Info.plist */,
			);
			path = ImageBoardUITests;
			sourceTree = "<group>";
		};
		C7E1D2E231079D14E5576E39 /* Pods */ = {
			isa = PBXGroup;
			children = (
				684A0B4AF78E9CAF562FB3E9 /* Pods-ImageBoard.debug.xcconfig */,
				C2DAAB8A27151B4CB7D8E5B7 /* Pods-ImageBoard.release.xcconfig */,
				85ECDC8EDC5230D9DCC0BE79 /* Pods-ImageBoardTests.debug.xcconfig */,
				9EF761F08B43C2D271F3523A /* Pods-ImageBoardTests.release.xcconfig */,
				C011AAE74CAF937D558C69EF /* Pods-ImageBoardUITests.debug.xcconfig */,
				1DDDE2302D7C2376B4DDAB15 /* Pods-ImageBoardUITests.release.xcconfig */,
			);
			name = Pods;
			sourceTree = "<group>";
		};
		CD674540EDCDC685C5473369 /* Frameworks */ = {
			isa = PBXGroup;
			children = (
				1210039BC7E4ACE42A557C07 /* Pods_ImageBoard.framework */,
				56081AF0B87FCC7BBB8E8BB5 /* Pods_ImageBoardTests.framework */,
				239F17FDB32BCFE821FAA56D /* Pods_ImageBoardUITests.framework */,
			);
			name = Frameworks;
			sourceTree = "<group>";
		};
/* End PBXGroup section */

/* Begin PBXNativeTarget section */
		39DE36121E165AE400D13150 /* ImageBoard */ = {
			isa = PBXNativeTarget;
			buildConfigurationList = 39DE363B1E165AE400D13150 /* Build configuration list for PBXNativeTarget "ImageBoard" */;
			buildPhases = (
				A2AC19E1552887478C7E19EB /* [CP] Check Pods Manifest.lock */,
				39DE360F1E165AE400D13150 /* Sources */,
				39DE36101E165AE400D13150 /* Frameworks */,
				39DE36111E165AE400D13150 /* Resources */,
				35651F241EB25688F9FEB84A /* [CP] Embed Pods Frameworks */,
				857A40B36E3A73E3C3DC3935 /* [CP] Copy Pods Resources */,
			);
			buildRules = (
			);
			dependencies = (
			);
			name = ImageBoard;
			productName = ImageBoard;
			productReference = 39DE36131E165AE400D13150 /* ImageBoard.app */;
			productType = "com.apple.product-type.application";
		};
		39DE36261E165AE400D13150 /* ImageBoardTests */ = {
			isa = PBXNativeTarget;
			buildConfigurationList = 39DE363E1E165AE400D13150 /* Build configuration list for PBXNativeTarget "ImageBoardTests" */;
			buildPhases = (
				A5B6D469FA4A107C93FCF9EA /* [CP] Check Pods Manifest.lock */,
				39DE36231E165AE400D13150 /* Sources */,
				39DE36241E165AE400D13150 /* Frameworks */,
				39DE36251E165AE400D13150 /* Resources */,
				E00240EE5AAB50823EA96A07 /* [CP] Embed Pods Frameworks */,
				47ED6E324249B2B851CA483E /* [CP] Copy Pods Resources */,
			);
			buildRules = (
			);
			dependencies = (
				39DE36291E165AE400D13150 /* PBXTargetDependency */,
			);
			name = ImageBoardTests;
			productName = ImageBoardTests;
			productReference = 39DE36271E165AE400D13150 /* ImageBoardTests.xctest */;
			productType = "com.apple.product-type.bundle.unit-test";
		};
		39DE36311E165AE400D13150 /* ImageBoardUITests */ = {
			isa = PBXNativeTarget;
			buildConfigurationList = 39DE36411E165AE400D13150 /* Build configuration list for PBXNativeTarget "ImageBoardUITests" */;
			buildPhases = (
				4FBDC3A0816F3492B8BE5CBD /* [CP] Check Pods Manifest.lock */,
				39DE362E1E165AE400D13150 /* Sources */,
				39DE362F1E165AE400D13150 /* Frameworks */,
				39DE36301E165AE400D13150 /* Resources */,
				DF3453ACCEEFB7235CCF0F43 /* [CP] Embed Pods Frameworks */,
				67AB8E83B81D16FE4475ED29 /* [CP] Copy Pods Resources */,
			);
			buildRules = (
			);
			dependencies = (
				39DE36341E165AE400D13150 /* PBXTargetDependency */,
			);
			name = ImageBoardUITests;
			productName = ImageBoardUITests;
			productReference = 39DE36321E165AE400D13150 /* ImageBoardUITests.xctest */;
			productType = "com.apple.product-type.bundle.ui-testing";
		};
/* End PBXNativeTarget section */

/* Begin PBXProject section */
		39DE360B1E165AE400D13150 /* Project object */ = {
			isa = PBXProject;
			attributes = {
				LastSwiftUpdateCheck = 0820;
				LastUpgradeCheck = 0820;
				ORGANIZATIONNAME = sabazusi;
				TargetAttributes = {
					39DE36121E165AE400D13150 = {
						CreatedOnToolsVersion = 8.2.1;
						ProvisioningStyle = Automatic;
					};
					39DE36261E165AE400D13150 = {
						CreatedOnToolsVersion = 8.2.1;
						ProvisioningStyle = Automatic;
						TestTargetID = 39DE36121E165AE400D13150;
					};
					39DE36311E165AE400D13150 = {
						CreatedOnToolsVersion = 8.2.1;
						ProvisioningStyle = Automatic;
						TestTargetID = 39DE36121E165AE400D13150;
					};
				};
			};
			buildConfigurationList = 39DE360E1E165AE400D13150 /* Build configuration list for PBXProject "ImageBoard" */;
			compatibilityVersion = "Xcode 3.2";
			developmentRegion = English;
			hasScannedForEncodings = 0;
			knownRegions = (
				en,
				Base,
			);
			mainGroup = 39DE360A1E165AE400D13150;
			productRefGroup = 39DE36141E165AE400D13150 /* Products */;
			projectDirPath = "";
			projectRoot = "";
			targets = (
				39DE36121E165AE400D13150 /* ImageBoard */,
				39DE36261E165AE400D13150 /* ImageBoardTests */,
				39DE36311E165AE400D13150 /* ImageBoardUITests */,
			);
		};
/* End PBXProject section */

/* Begin PBXResourcesBuildPhase section */
		39DE36111E165AE400D13150 /* Resources */ = {
			isa = PBXResourcesBuildPhase;
			buildActionMask = 2147483647;
			files = (
				39DE36211E165AE400D13150 /* LaunchScreen.storyboard in Resources */,
				39DE361E1E165AE400D13150 /* Assets.xcassets in Resources */,
				39DE361C1E165AE400D13150 /* Main.storyboard in Resources */,
			);
			runOnlyForDeploymentPostprocessing = 0;
		};
		39DE36251E165AE400D13150 /* Resources */ = {
			isa = PBXResourcesBuildPhase;
			buildActionMask = 2147483647;
			files = (
			);
			runOnlyForDeploymentPostprocessing = 0;
		};
		39DE36301E165AE400D13150 /* Resources */ = {
			isa = PBXResourcesBuildPhase;
			buildActionMask = 2147483647;
			files = (
			);
			runOnlyForDeploymentPostprocessing = 0;
		};
/* End PBXResourcesBuildPhase section */

/* Begin PBXShellScriptBuildPhase section */
		35651F241EB25688F9FEB84A /* [CP] Embed Pods Frameworks */ = {
			isa = PBXShellScriptBuildPhase;
			buildActionMask = 2147483647;
			files = (
			);
			inputPaths = (
			);
			name = "[CP] Embed Pods Frameworks";
			outputPaths = (
			);
			runOnlyForDeploymentPostprocessing = 0;
			shellPath = /bin/sh;
			shellScript = "\"${SRCROOT}/Pods/Target Support Files/Pods-ImageBoard/Pods-ImageBoard-frameworks.sh\"\n";
			showEnvVarsInLog = 0;
		};
		47ED6E324249B2B851CA483E /* [CP] Copy Pods Resources */ = {
			isa = PBXShellScriptBuildPhase;
			buildActionMask = 2147483647;
			files = (
			);
			inputPaths = (
			);
			name = "[CP] Copy Pods Resources";
			outputPaths = (
			);
			runOnlyForDeploymentPostprocessing = 0;
			shellPath = /bin/sh;
			shellScript = "\"${SRCROOT}/Pods/Target Support Files/Pods-ImageBoardTests/Pods-ImageBoardTests-resources.sh\"\n";
			showEnvVarsInLog = 0;
		};
		4FBDC3A0816F3492B8BE5CBD /* [CP] Check Pods Manifest.lock */ = {
			isa = PBXShellScriptBuildPhase;
			buildActionMask = 2147483647;
			files = (
			);
			inputPaths = (
			);
			name = "[CP] Check Pods Manifest.lock";
			outputPaths = (
			);
			runOnlyForDeploymentPostprocessing = 0;
			shellPath = /bin/sh;
			shellScript = "diff \"${PODS_ROOT}/../Podfile.lock\" \"${PODS_ROOT}/Manifest.lock\" > /dev/null\nif [ $? != 0 ] ; then\n    # print error to STDERR\n    echo \"error: The sandbox is not in sync with the Podfile.lock. Run 'pod install' or update your CocoaPods installation.\" >&2\n    exit 1\nfi\n";
			showEnvVarsInLog = 0;
		};
		67AB8E83B81D16FE4475ED29 /* [CP] Copy Pods Resources */ = {
			isa = PBXShellScriptBuildPhase;
			buildActionMask = 2147483647;
			files = (
			);
			inputPaths = (
			);
			name = "[CP] Copy Pods Resources";
			outputPaths = (
			);
			runOnlyForDeploymentPostprocessing = 0;
			shellPath = /bin/sh;
			shellScript = "\"${SRCROOT}/Pods/Target Support Files/Pods-ImageBoardUITests/Pods-ImageBoardUITests-resources.sh\"\n";
			showEnvVarsInLog = 0;
		};
		857A40B36E3A73E3C3DC3935 /* [CP] Copy Pods Resources */ = {
			isa = PBXShellScriptBuildPhase;
			buildActionMask = 2147483647;
			files = (
			);
			inputPaths = (
			);
			name = "[CP] Copy Pods Resources";
			outputPaths = (
			);
			runOnlyForDeploymentPostprocessing = 0;
			shellPath = /bin/sh;
			shellScript = "\"${SRCROOT}/Pods/Target Support Files/Pods-ImageBoard/Pods-ImageBoard-resources.sh\"\n";
			showEnvVarsInLog = 0;
		};
		A2AC19E1552887478C7E19EB /* [CP] Check Pods Manifest.lock */ = {
			isa = PBXShellScriptBuildPhase;
			buildActionMask = 2147483647;
			files = (
			);
			inputPaths = (
			);
			name = "[CP] Check Pods Manifest.lock";
			outputPaths = (
			);
			runOnlyForDeploymentPostprocessing = 0;
			shellPath = /bin/sh;
			shellScript = "diff \"${PODS_ROOT}/../Podfile.lock\" \"${PODS_ROOT}/Manifest.lock\" > /dev/null\nif [ $? != 0 ] ; then\n    # print error to STDERR\n    echo \"error: The sandbox is not in sync with the Podfile.lock. Run 'pod install' or update your CocoaPods installation.\" >&2\n    exit 1\nfi\n";
			showEnvVarsInLog = 0;
		};
		A5B6D469FA4A107C93FCF9EA /* [CP] Check Pods Manifest.lock */ = {
			isa = PBXShellScriptBuildPhase;
			buildActionMask = 2147483647;
			files = (
			);
			inputPaths = (
			);
			name = "[CP] Check Pods Manifest.lock";
			outputPaths = (
			);
			runOnlyForDeploymentPostprocessing = 0;
			shellPath = /bin/sh;
			shellScript = "diff \"${PODS_ROOT}/../Podfile.lock\" \"${PODS_ROOT}/Manifest.lock\" > /dev/null\nif [ $? != 0 ] ; then\n    # print error to STDERR\n    echo \"error: The sandbox is not in sync with the Podfile.lock. Run 'pod install' or update your CocoaPods installation.\" >&2\n    exit 1\nfi\n";
			showEnvVarsInLog = 0;
		};
		DF3453ACCEEFB7235CCF0F43 /* [CP] Embed Pods Frameworks */ = {
			isa = PBXShellScriptBuildPhase;
			buildActionMask = 2147483647;
			files = (
			);
			inputPaths = (
			);
			name = "[CP] Embed Pods Frameworks";
			outputPaths = (
			);
			runOnlyForDeploymentPostprocessing = 0;
			shellPath = /bin/sh;
			shellScript = "\"${SRCROOT}/Pods/Target Support Files/Pods-ImageBoardUITests/Pods-ImageBoardUITests-frameworks.sh\"\n";
			showEnvVarsInLog = 0;
		};
		E00240EE5AAB50823EA96A07 /* [CP] Embed Pods Frameworks */ = {
			isa = PBXShellScriptBuildPhase;
			buildActionMask = 2147483647;
			files = (
			);
			inputPaths = (
			);
			name = "[CP] Embed Pods Frameworks";
			outputPaths = (
			);
			runOnlyForDeploymentPostprocessing = 0;
			shellPath = /bin/sh;
			shellScript = "\"${SRCROOT}/Pods/Target Support Files/Pods-ImageBoardTests/Pods-ImageBoardTests-frameworks.sh\"\n";
			showEnvVarsInLog = 0;
		};
/* End PBXShellScriptBuildPhase section */

/* Begin PBXSourcesBuildPhase section */
		39DE360F1E165AE400D13150 /* Sources */ = {
			isa = PBXSourcesBuildPhase;
			buildActionMask = 2147483647;
			files = (
				39DE36191E165AE400D13150 /* ViewController.swift in Sources */,
				39DE36171E165AE400D13150 /* AppDelegate.swift in Sources */,
			);
			runOnlyForDeploymentPostprocessing = 0;
		};
		39DE36231E165AE400D13150 /* Sources */ = {
			isa = PBXSourcesBuildPhase;
			buildActionMask = 2147483647;
			files = (
				39DE362C1E165AE400D13150 /* ImageBoardTests.swift in Sources */,
			);
			runOnlyForDeploymentPostprocessing = 0;
		};
		39DE362E1E165AE400D13150 /* Sources */ = {
			isa = PBXSourcesBuildPhase;
			buildActionMask = 2147483647;
			files = (
				39DE36371E165AE400D13150 /* ImageBoardUITests.swift in Sources */,
			);
			runOnlyForDeploymentPostprocessing = 0;
		};
/* End PBXSourcesBuildPhase section */

/* Begin PBXTargetDependency section */
		39DE36291E165AE400D13150 /* PBXTargetDependency */ = {
			isa = PBXTargetDependency;
			target = 39DE36121E165AE400D13150 /* ImageBoard */;
			targetProxy = 39DE36281E165AE400D13150 /* PBXContainerItemProxy */;
		};
		39DE36341E165AE400D13150 /* PBXTargetDependency */ = {
			isa = PBXTargetDependency;
			target = 39DE36121E165AE400D13150 /* ImageBoard */;
			targetProxy = 39DE36331E165AE400D13150 /* PBXContainerItemProxy */;
		};
/* End PBXTargetDependency section */

/* Begin PBXVariantGroup section */
		39DE361A1E165AE400D13150 /* Main.storyboard */ = {
			isa = PBXVariantGroup;
			children = (
				39DE361B1E165AE400D13150 /* Base */,
			);
			name = Main.storyboard;
			sourceTree = "<group>";
		};
		39DE361F1E165AE400D13150 /* LaunchScreen.storyboard */ = {
			isa = PBXVariantGroup;
			children = (
				39DE36201E165AE400D13150 /* Base */,
			);
			name = LaunchScreen.storyboard;
			sourceTree = "<group>";
		};
/* End PBXVariantGroup section */

/* Begin XCBuildConfiguration section */
		39DE36391E165AE400D13150 /* Debug */ = {
			isa = XCBuildConfiguration;
			buildSettings = {
				ALWAYS_SEARCH_USER_PATHS = NO;
				CLANG_ANALYZER_NONNULL = YES;
				CLANG_CXX_LANGUAGE_STANDARD = "gnu++0x";
				CLANG_CXX_LIBRARY = "libc++";
				CLANG_ENABLE_MODULES = YES;
				CLANG_ENABLE_OBJC_ARC = YES;
				CLANG_WARN_BOOL_CONVERSION = YES;
				CLANG_WARN_CONSTANT_CONVERSION = YES;
				CLANG_WARN_DIRECT_OBJC_ISA_USAGE = YES_ERROR;
				CLANG_WARN_DOCUMENTATION_COMMENTS = YES;
				CLANG_WARN_EMPTY_BODY = YES;
				CLANG_WARN_ENUM_CONVERSION = YES;
				CLANG_WARN_INFINITE_RECURSION = YES;
				CLANG_WARN_INT_CONVERSION = YES;
				CLANG_WARN_OBJC_ROOT_CLASS = YES_ERROR;
				CLANG_WARN_SUSPICIOUS_MOVE = YES;
				CLANG_WARN_UNREACHABLE_CODE = YES;
				CLANG_WARN__DUPLICATE_METHOD_MATCH = YES;
				"CODE_SIGN_IDENTITY[sdk=iphoneos*]" = "iPhone Developer";
				COPY_PHASE_STRIP = NO;
				DEBUG_INFORMATION_FORMAT = dwarf;
				ENABLE_STRICT_OBJC_MSGSEND = YES;
				ENABLE_TESTABILITY = YES;
				GCC_C_LANGUAGE_STANDARD = gnu99;
				GCC_DYNAMIC_NO_PIC = NO;
				GCC_NO_COMMON_BLOCKS = YES;
				GCC_OPTIMIZATION_LEVEL = 0;
				GCC_PREPROCESSOR_DEFINITIONS = (
					"DEBUG=1",
					"$(inherited)",
				);
				GCC_WARN_64_TO_32_BIT_CONVERSION = YES;
				GCC_WARN_ABOUT_RETURN_TYPE = YES_ERROR;
				GCC_WARN_UNDECLARED_SELECTOR = YES;
				GCC_WARN_UNINITIALIZED_AUTOS = YES_AGGRESSIVE;
				GCC_WARN_UNUSED_FUNCTION = YES;
				GCC_WARN_UNUSED_VARIABLE = YES;
				IPHONEOS_DEPLOYMENT_TARGET = 10.2;
				MTL_ENABLE_DEBUG_INFO = YES;
				ONLY_ACTIVE_ARCH = YES;
				SDKROOT = iphoneos;
				SWIFT_ACTIVE_COMPILATION_CONDITIONS = DEBUG;
				SWIFT_OPTIMIZATION_LEVEL = "-Onone";
				TARGETED_DEVICE_FAMILY = "1,2";
			};
			name = Debug;
		};
		39DE363A1E165AE400D13150 /* Release */ = {
			isa = XCBuildConfiguration;
			buildSettings = {
				ALWAYS_SEARCH_USER_PATHS = NO;
				CLANG_ANALYZER_NONNULL = YES;
				CLANG_CXX_LANGUAGE_STANDARD = "gnu++0x";
				CLANG_CXX_LIBRARY = "libc++";
				CLANG_ENABLE_MODULES = YES;
				CLANG_ENABLE_OBJC_ARC = YES;
				CLANG_WARN_BOOL_CONVERSION = YES;
				CLANG_WARN_CONSTANT_CONVERSION = YES;
				CLANG_WARN_DIRECT_OBJC_ISA_USAGE = YES_ERROR;
				CLANG_WARN_DOCUMENTATION_COMMENTS = YES;
				CLANG_WARN_EMPTY_BODY = YES;
				CLANG_WARN_ENUM_CONVERSION = YES;
				CLANG_WARN_INFINITE_RECURSION = YES;
				CLANG_WARN_INT_CONVERSION = YES;
				CLANG_WARN_OBJC_ROOT_CLASS = YES_ERROR;
				CLANG_WARN_SUSPICIOUS_MOVE = YES;
				CLANG_WARN_UNREACHABLE_CODE = YES;
				CLANG_WARN__DUPLICATE_METHOD_MATCH = YES;
				"CODE_SIGN_IDENTITY[sdk=iphoneos*]" = "iPhone Developer";
				COPY_PHASE_STRIP = NO;
				DEBUG_INFORMATION_FORMAT = "dwarf-with-dsym";
				ENABLE_NS_ASSERTIONS = NO;
				ENABLE_STRICT_OBJC_MSGSEND = YES;
				GCC_C_LANGUAGE_STANDARD = gnu99;
				GCC_NO_COMMON_BLOCKS = YES;
				GCC_WARN_64_TO_32_BIT_CONVERSION = YES;
				GCC_WARN_ABOUT_RETURN_TYPE = YES_ERROR;
				GCC_WARN_UNDECLARED_SELECTOR = YES;
				GCC_WARN_UNINITIALIZED_AUTOS = YES_AGGRESSIVE;
				GCC_WARN_UNUSED_FUNCTION = YES;
				GCC_WARN_UNUSED_VARIABLE = YES;
				IPHONEOS_DEPLOYMENT_TARGET = 10.2;
				MTL_ENABLE_DEBUG_INFO = NO;
				SDKROOT = iphoneos;
				SWIFT_OPTIMIZATION_LEVEL = "-Owholemodule";
				TARGETED_DEVICE_FAMILY = "1,2";
				VALIDATE_PRODUCT = YES;
			};
			name = Release;
		};
		39DE363C1E165AE400D13150 /* Debug */ = {
			isa = XCBuildConfiguration;
			baseConfigurationReference = 684A0B4AF78E9CAF562FB3E9 /* Pods-ImageBoard.debug.xcconfig */;
			buildSettings = {
				ASSETCATALOG_COMPILER_APPICON_NAME = AppIcon;
				INFOPLIST_FILE = ImageBoard/Info.plist;
				LD_RUNPATH_SEARCH_PATHS = "$(inherited) @executable_path/Frameworks";
				PRODUCT_BUNDLE_IDENTIFIER = net.sabazusi.ImageBoard;
				PRODUCT_NAME = "$(TARGET_NAME)";
				SWIFT_VERSION = 3.0;
			};
			name = Debug;
		};
		39DE363D1E165AE400D13150 /* Release */ = {
			isa = XCBuildConfiguration;
			baseConfigurationReference = C2DAAB8A27151B4CB7D8E5B7 /* Pods-ImageBoard.release.xcconfig */;
			buildSettings = {
				ASSETCATALOG_COMPILER_APPICON_NAME = AppIcon;
				INFOPLIST_FILE = ImageBoard/Info.plist;
				LD_RUNPATH_SEARCH_PATHS = "$(inherited) @executable_path/Frameworks";
				PRODUCT_BUNDLE_IDENTIFIER = net.sabazusi.ImageBoard;
				PRODUCT_NAME = "$(TARGET_NAME)";
				SWIFT_VERSION = 3.0;
			};
			name = Release;
		};
		39DE363F1E165AE400D13150 /* Debug */ = {
			isa = XCBuildConfiguration;
			baseConfigurationReference = 85ECDC8EDC5230D9DCC0BE79 /* Pods-ImageBoardTests.debug.xcconfig */;
			buildSettings = {
				ALWAYS_EMBED_SWIFT_STANDARD_LIBRARIES = YES;
				BUNDLE_LOADER = "$(TEST_HOST)";
				INFOPLIST_FILE = ImageBoardTests/Info.plist;
				LD_RUNPATH_SEARCH_PATHS = "$(inherited) @executable_path/Frameworks @loader_path/Frameworks";
				PRODUCT_BUNDLE_IDENTIFIER = net.sabazusi.ImageBoardTests;
				PRODUCT_NAME = "$(TARGET_NAME)";
				SWIFT_VERSION = 3.0;
				TEST_HOST = "$(BUILT_PRODUCTS_DIR)/ImageBoard.app/ImageBoard";
			};
			name = Debug;
		};
		39DE36401E165AE400D13150 /* Release */ = {
			isa = XCBuildConfiguration;
			baseConfigurationReference = 9EF761F08B43C2D271F3523A /* Pods-ImageBoardTests.release.xcconfig */;
			buildSettings = {
				ALWAYS_EMBED_SWIFT_STANDARD_LIBRARIES = YES;
				BUNDLE_LOADER = "$(TEST_HOST)";
				INFOPLIST_FILE = ImageBoardTests/Info.plist;
				LD_RUNPATH_SEARCH_PATHS = "$(inherited) @executable_path/Frameworks @loader_path/Frameworks";
				PRODUCT_BUNDLE_IDENTIFIER = net.sabazusi.ImageBoardTests;
				PRODUCT_NAME = "$(TARGET_NAME)";
				SWIFT_VERSION = 3.0;
				TEST_HOST = "$(BUILT_PRODUCTS_DIR)/ImageBoard.app/ImageBoard";
			};
			name = Release;
		};
		39DE36421E165AE400D13150 /* Debug */ = {
			isa = XCBuildConfiguration;
			baseConfigurationReference = C011AAE74CAF937D558C69EF /* Pods-ImageBoardUITests.debug.xcconfig */;
			buildSettings = {
				ALWAYS_EMBED_SWIFT_STANDARD_LIBRARIES = YES;
				INFOPLIST_FILE = ImageBoardUITests/Info.plist;
				LD_RUNPATH_SEARCH_PATHS = "$(inherited) @executable_path/Frameworks @loader_path/Frameworks";
				PRODUCT_BUNDLE_IDENTIFIER = net.sabazusi.ImageBoardUITests;
				PRODUCT_NAME = "$(TARGET_NAME)";
				SWIFT_VERSION = 3.0;
				TEST_TARGET_NAME = ImageBoard;
			};
			name = Debug;
		};
		39DE36431E165AE400D13150 /* Release */ = {
			isa = XCBuildConfiguration;
			baseConfigurationReference = 1DDDE2302D7C2376B4DDAB15 /* Pods-ImageBoardUITests.release.xcconfig */;
			buildSettings = {
				ALWAYS_EMBED_SWIFT_STANDARD_LIBRARIES = YES;
				INFOPLIST_FILE = ImageBoardUITests/Info.plist;
				LD_RUNPATH_SEARCH_PATHS = "$(inherited) @executable_path/Frameworks @loader_path/Frameworks";
				PRODUCT_BUNDLE_IDENTIFIER = net.sabazusi.ImageBoardUITests;
				PRODUCT_NAME = "$(TARGET_NAME)";
				SWIFT_VERSION = 3.0;
				TEST_TARGET_NAME = ImageBoard;
			};
			name = Release;
		};
/* End XCBuildConfiguration section */

/* Begin XCConfigurationList section */
		39DE360E1E165AE400D13150 /* Build configuration list for PBXProject "ImageBoard" */ = {
			isa = XCConfigurationList;
			buildConfigurations = (
				39DE36391E165AE400D13150 /* Debug */,
				39DE363A1E165AE400D13150 /* Release */,
			);
			defaultConfigurationIsVisible = 0;
			defaultConfigurationName = Release;
		};
		39DE363B1E165AE400D13150 /* Build configuration list for PBXNativeTarget "ImageBoard" */ = {
			isa = XCConfigurationList;
			buildConfigurations = (
				39DE363C1E165AE400D13150 /* Debug */,
				39DE363D1E165AE400D13150 /* Release */,
			);
			defaultConfigurationIsVisible = 0;
		};
		39DE363E1E165AE400D13150 /* Build configuration list for PBXNativeTarget "ImageBoardTests" */ = {
			isa = XCConfigurationList;
			buildConfigurations = (
				39DE363F1E165AE400D13150 /* Debug */,
				39DE36401E165AE400D13150 /* Release */,
			);
			defaultConfigurationIsVisible = 0;
		};
		39DE36411E165AE400D13150 /* Build configuration list for PBXNativeTarget "ImageBoardUITests" */ = {
			isa = XCConfigurationList;
			buildConfigurations = (
				39DE36421E165AE400D13150 /* Debug */,
				39DE36431E165AE400D13150 /* Release */,
			);
			defaultConfigurationIsVisible = 0;
		};
/* End XCConfigurationList section */
	};
	rootObject = 39DE360B1E165AE400D13150 /* Project object */;
}
